// !$*UTF8*$!
{
	archiveVersion = 1;
	classes = {
	};
	objectVersion = 46;
	objects = {

/* Begin PBXBuildFile section */
		06B33B341F725814003A559C /* main.m in Sources */ = {isa = PBXBuildFile; fileRef = 06B33B331F725814003A559C /* main.m */; };
		06B33B3D1F725814003A559C /* Main.storyboard in Resources */ = {isa = PBXBuildFile; fileRef = 06B33B3B1F725814003A559C /* Main.storyboard */; };
		06B33B3F1F725814003A559C /* Assets.xcassets in Resources */ = {isa = PBXBuildFile; fileRef = 06B33B3E1F725814003A559C /* Assets.xcassets */; };
		06B33B421F725814003A559C /* LaunchScreen.storyboard in Resources */ = {isa = PBXBuildFile; fileRef = 06B33B401F725814003A559C /* LaunchScreen.storyboard */; };
		06B33B4D1F725814003A559C /* DFPlayerDemoTests.m in Sources */ = {isa = PBXBuildFile; fileRef = 06B33B4C1F725814003A559C /* DFPlayerDemoTests.m */; };
		06B33B581F725814003A559C /* DFPlayerDemoUITests.m in Sources */ = {isa = PBXBuildFile; fileRef = 06B33B571F725814003A559C /* DFPlayerDemoUITests.m */; };
		06B33B7E1F725829003A559C /* DFPlayer.bundle in Resources */ = {isa = PBXBuildFile; fileRef = 06B33B661F725829003A559C /* DFPlayer.bundle */; };
		06B33B7F1F725829003A559C /* DFPlayerControlManager.m in Sources */ = {isa = PBXBuildFile; fileRef = 06B33B691F725829003A559C /* DFPlayerControlManager.m */; };
		06B33B801F725829003A559C /* DFPlayerManager.m in Sources */ = {isa = PBXBuildFile; fileRef = 06B33B6B1F725829003A559C /* DFPlayerManager.m */; };
		06B33B811F725829003A559C /* DFPlayerModel.m in Sources */ = {isa = PBXBuildFile; fileRef = 06B33B6D1F725829003A559C /* DFPlayerModel.m */; };
		06B33B821F725829003A559C /* AFNetworkReachabilityManager.m in Sources */ = {isa = PBXBuildFile; fileRef = 06B33B701F725829003A559C /* AFNetworkReachabilityManager.m */; };
		06B33B831F725829003A559C /* DFPlayerFileManager.m in Sources */ = {isa = PBXBuildFile; fileRef = 06B33B721F725829003A559C /* DFPlayerFileManager.m */; };
		06B33B841F725829003A559C /* DFPlayerLyricsTableview.m in Sources */ = {isa = PBXBuildFile; fileRef = 06B33B741F725829003A559C /* DFPlayerLyricsTableview.m */; };
		06B33B851F725829003A559C /* DFPlayerRemoteApplication.m in Sources */ = {isa = PBXBuildFile; fileRef = 06B33B771F725829003A559C /* DFPlayerRemoteApplication.m */; };
		06B33B861F725829003A559C /* DFPlayerRequestManager.m in Sources */ = {isa = PBXBuildFile; fileRef = 06B33B791F725829003A559C /* DFPlayerRequestManager.m */; };
		06B33B871F725829003A559C /* DFPlayerResourceLoader.m in Sources */ = {isa = PBXBuildFile; fileRef = 06B33B7B1F725829003A559C /* DFPlayerResourceLoader.m */; };
		06B33B881F725829003A559C /* DFPlayerTool.m in Sources */ = {isa = PBXBuildFile; fileRef = 06B33B7D1F725829003A559C /* DFPlayerTool.m */; };
		06B33BAC1F72582F003A559C /* AppDelegate.m in Sources */ = {isa = PBXBuildFile; fileRef = 06B33B8B1F72582F003A559C /* AppDelegate.m */; };
		06B33BAD1F725830003A559C /* DFLocalAudioViewController.m in Sources */ = {isa = PBXBuildFile; fileRef = 06B33B8E1F72582F003A559C /* DFLocalAudioViewController.m */; };
		06B33BAF1F725830003A559C /* NSObject+Alert.m in Sources */ = {isa = PBXBuildFile; fileRef = 06B33B951F72582F003A559C /* NSObject+Alert.m */; };
		06B33BB01F725830003A559C /* UIImage+Blur.m in Sources */ = {isa = PBXBuildFile; fileRef = 06B33B971F72582F003A559C /* UIImage+Blur.m */; };
		06B33BB41F725830003A559C /* addAudio.plist in Resources */ = {isa = PBXBuildFile; fileRef = 06B33BA01F72582F003A559C /* addAudio.plist */; };
		06B33BB51F725830003A559C /* default_bg.jpg in Resources */ = {isa = PBXBuildFile; fileRef = 06B33BA11F72582F003A559C /* default_bg.jpg */; };
		06B33BB81F725830003A559C /* LocalAudio.plist in Resources */ = {isa = PBXBuildFile; fileRef = 06B33BA41F72582F003A559C /* LocalAudio.plist */; };
		06B33BBA1F725830003A559C /* NetAudio.plist in Resources */ = {isa = PBXBuildFile; fileRef = 06B33BA61F72582F003A559C /* NetAudio.plist */; };
		06B33BBE1F725830003A559C /* YourDataModel.m in Sources */ = {isa = PBXBuildFile; fileRef = 06B33BAB1F72582F003A559C /* YourDataModel.m */; };
		F954784B1F88D07A00D85D46 /* DFNetAudioViewController.m in Sources */ = {isa = PBXBuildFile; fileRef = F954784A1F88D07A00D85D46 /* DFNetAudioViewController.m */; };
		F954784E1F88D15400D85D46 /* DFCacheViewController.m in Sources */ = {isa = PBXBuildFile; fileRef = F954784D1F88D15400D85D46 /* DFCacheViewController.m */; };
		F95478511F88DAB900D85D46 /* 权志龙-MISSING YOU.lrc in Resources */ = {isa = PBXBuildFile; fileRef = F95478501F88DAB900D85D46 /* 权志龙-MISSING YOU.lrc */; };
		F95478531F88DBF800D85D46 /* 王若琳-迷宫.lrc in Resources */ = {isa = PBXBuildFile; fileRef = F95478521F88DBF800D85D46 /* 王若琳-迷宫.lrc */; };
		F95478551F892DD700D85D46 /* 许嵩(Vae)-有何不可.lrc in Resources */ = {isa = PBXBuildFile; fileRef = F95478541F892DD700D85D46 /* 许嵩(Vae)-有何不可.lrc */; };
		F9D6E97D1F8A37C300069376 /* 徐良&小凌-321对不起.lrc in Resources */ = {isa = PBXBuildFile; fileRef = F9D6E97C1F8A37C300069376 /* 徐良&小凌-321对不起.lrc */; };
		F9D6E97F1F8A4C2600069376 /* 刘依朵-醉红颜.lrc in Resources */ = {isa = PBXBuildFile; fileRef = F9D6E97E1F8A4C2600069376 /* 刘依朵-醉红颜.lrc */; };
		F9D6E9811F8A854700069376 /* Maroon 5-don't wanna know.lrc in Resources */ = {isa = PBXBuildFile; fileRef = F9D6E9801F8A854700069376 /* Maroon 5-don't wanna know.lrc */; };
		F9D6E9831F8A87BB00069376 /* Dragon Pig-全部都是你.lrc in Resources */ = {isa = PBXBuildFile; fileRef = F9D6E9821F8A87BB00069376 /* Dragon Pig-全部都是你.lrc */; };
/* End PBXBuildFile section */

/* Begin PBXContainerItemProxy section */
		06B33B491F725814003A559C /* PBXContainerItemProxy */ = {
			isa = PBXContainerItemProxy;
			containerPortal = 06B33B271F725814003A559C /* Project object */;
			proxyType = 1;
			remoteGlobalIDString = 06B33B2E1F725814003A559C;
			remoteInfo = DFPlayerDemo;
		};
		06B33B541F725814003A559C /* PBXContainerItemProxy */ = {
			isa = PBXContainerItemProxy;
			containerPortal = 06B33B271F725814003A559C /* Project object */;
			proxyType = 1;
			remoteGlobalIDString = 06B33B2E1F725814003A559C;
			remoteInfo = DFPlayerDemo;
		};
/* End PBXContainerItemProxy section */

/* Begin PBXFileReference section */
		06B33B2F1F725814003A559C /* DFPlayerDemo.app */ = {isa = PBXFileReference; explicitFileType = wrapper.application; includeInIndex = 0; path = DFPlayerDemo.app; sourceTree = BUILT_PRODUCTS_DIR; };
		06B33B331F725814003A559C /* main.m */ = {isa = PBXFileReference; lastKnownFileType = sourcecode.c.objc; path = main.m; sourceTree = "<group>"; };
		06B33B3C1F725814003A559C /* Base */ = {isa = PBXFileReference; lastKnownFileType = file.storyboard; name = Base; path = Base.lproj/Main.storyboard; sourceTree = "<group>"; };
		06B33B3E1F725814003A559C /* Assets.xcassets */ = {isa = PBXFileReference; lastKnownFileType = folder.assetcatalog; path = Assets.xcassets; sourceTree = "<group>"; };
		06B33B411F725814003A559C /* Base */ = {isa = PBXFileReference; lastKnownFileType = file.storyboard; name = Base; path = Base.lproj/LaunchScreen.storyboard; sourceTree = "<group>"; };
		06B33B431F725814003A559C /* Info.plist */ = {isa = PBXFileReference; lastKnownFileType = text.plist.xml; path = Info.plist; sourceTree = "<group>"; };
		06B33B481F725814003A559C /* DFPlayerDemoTests.xctest */ = {isa = PBXFileReference; explicitFileType = wrapper.cfbundle; includeInIndex = 0; path = DFPlayerDemoTests.xctest; sourceTree = BUILT_PRODUCTS_DIR; };
		06B33B4C1F725814003A559C /* DFPlayerDemoTests.m */ = {isa = PBXFileReference; lastKnownFileType = sourcecode.c.objc; path = DFPlayerDemoTests.m; sourceTree = "<group>"; };
		06B33B4E1F725814003A559C /* Info.plist */ = {isa = PBXFileReference; lastKnownFileType = text.plist.xml; path = Info.plist; sourceTree = "<group>"; };
		06B33B531F725814003A559C /* DFPlayerDemoUITests.xctest */ = {isa = PBXFileReference; explicitFileType = wrapper.cfbundle; includeInIndex = 0; path = DFPlayerDemoUITests.xctest; sourceTree = BUILT_PRODUCTS_DIR; };
		06B33B571F725814003A559C /* DFPlayerDemoUITests.m */ = {isa = PBXFileReference; lastKnownFileType = sourcecode.c.objc; path = DFPlayerDemoUITests.m; sourceTree = "<group>"; };
		06B33B591F725814003A559C /* Info.plist */ = {isa = PBXFileReference; lastKnownFileType = text.plist.xml; path = Info.plist; sourceTree = "<group>"; };
		06B33B661F725829003A559C /* DFPlayer.bundle */ = {isa = PBXFileReference; lastKnownFileType = "wrapper.plug-in"; path = DFPlayer.bundle; sourceTree = "<group>"; };
		06B33B671F725829003A559C /* DFPlayer.h */ = {isa = PBXFileReference; fileEncoding = 4; lastKnownFileType = sourcecode.c.h; path = DFPlayer.h; sourceTree = "<group>"; };
		06B33B681F725829003A559C /* DFPlayerControlManager.h */ = {isa = PBXFileReference; fileEncoding = 4; lastKnownFileType = sourcecode.c.h; path = DFPlayerControlManager.h; sourceTree = "<group>"; };
		06B33B691F725829003A559C /* DFPlayerControlManager.m */ = {isa = PBXFileReference; fileEncoding = 4; lastKnownFileType = sourcecode.c.objc; path = DFPlayerControlManager.m; sourceTree = "<group>"; };
		06B33B6A1F725829003A559C /* DFPlayerManager.h */ = {isa = PBXFileReference; fileEncoding = 4; lastKnownFileType = sourcecode.c.h; path = DFPlayerManager.h; sourceTree = "<group>"; };
		06B33B6B1F725829003A559C /* DFPlayerManager.m */ = {isa = PBXFileReference; fileEncoding = 4; lastKnownFileType = sourcecode.c.objc; path = DFPlayerManager.m; sourceTree = "<group>"; };
		06B33B6C1F725829003A559C /* DFPlayerModel.h */ = {isa = PBXFileReference; fileEncoding = 4; lastKnownFileType = sourcecode.c.h; path = DFPlayerModel.h; sourceTree = "<group>"; };
		06B33B6D1F725829003A559C /* DFPlayerModel.m */ = {isa = PBXFileReference; fileEncoding = 4; lastKnownFileType = sourcecode.c.objc; path = DFPlayerModel.m; sourceTree = "<group>"; };
		06B33B6F1F725829003A559C /* AFNetworkReachabilityManager.h */ = {isa = PBXFileReference; fileEncoding = 4; lastKnownFileType = sourcecode.c.h; path = AFNetworkReachabilityManager.h; sourceTree = "<group>"; };
		06B33B701F725829003A559C /* AFNetworkReachabilityManager.m */ = {isa = PBXFileReference; fileEncoding = 4; lastKnownFileType = sourcecode.c.objc; path = AFNetworkReachabilityManager.m; sourceTree = "<group>"; };
		06B33B711F725829003A559C /* DFPlayerFileManager.h */ = {isa = PBXFileReference; fileEncoding = 4; lastKnownFileType = sourcecode.c.h; path = DFPlayerFileManager.h; sourceTree = "<group>"; };
		06B33B721F725829003A559C /* DFPlayerFileManager.m */ = {isa = PBXFileReference; fileEncoding = 4; lastKnownFileType = sourcecode.c.objc; path = DFPlayerFileManager.m; sourceTree = "<group>"; };
		06B33B731F725829003A559C /* DFPlayerLyricsTableview.h */ = {isa = PBXFileReference; fileEncoding = 4; lastKnownFileType = sourcecode.c.h; path = DFPlayerLyricsTableview.h; sourceTree = "<group>"; };
		06B33B741F725829003A559C /* DFPlayerLyricsTableview.m */ = {isa = PBXFileReference; fileEncoding = 4; lastKnownFileType = sourcecode.c.objc; path = DFPlayerLyricsTableview.m; sourceTree = "<group>"; };
		06B33B761F725829003A559C /* DFPlayerRemoteApplication.h */ = {isa = PBXFileReference; fileEncoding = 4; lastKnownFileType = sourcecode.c.h; path = DFPlayerRemoteApplication.h; sourceTree = "<group>"; };
		06B33B771F725829003A559C /* DFPlayerRemoteApplication.m */ = {isa = PBXFileReference; fileEncoding = 4; lastKnownFileType = sourcecode.c.objc; path = DFPlayerRemoteApplication.m; sourceTree = "<group>"; };
		06B33B781F725829003A559C /* DFPlayerRequestManager.h */ = {isa = PBXFileReference; fileEncoding = 4; lastKnownFileType = sourcecode.c.h; path = DFPlayerRequestManager.h; sourceTree = "<group>"; };
		06B33B791F725829003A559C /* DFPlayerRequestManager.m */ = {isa = PBXFileReference; fileEncoding = 4; lastKnownFileType = sourcecode.c.objc; path = DFPlayerRequestManager.m; sourceTree = "<group>"; };
		06B33B7A1F725829003A559C /* DFPlayerResourceLoader.h */ = {isa = PBXFileReference; fileEncoding = 4; lastKnownFileType = sourcecode.c.h; path = DFPlayerResourceLoader.h; sourceTree = "<group>"; };
		06B33B7B1F725829003A559C /* DFPlayerResourceLoader.m */ = {isa = PBXFileReference; fileEncoding = 4; lastKnownFileType = sourcecode.c.objc; path = DFPlayerResourceLoader.m; sourceTree = "<group>"; };
		06B33B7C1F725829003A559C /* DFPlayerTool.h */ = {isa = PBXFileReference; fileEncoding = 4; lastKnownFileType = sourcecode.c.h; path = DFPlayerTool.h; sourceTree = "<group>"; };
		06B33B7D1F725829003A559C /* DFPlayerTool.m */ = {isa = PBXFileReference; fileEncoding = 4; lastKnownFileType = sourcecode.c.objc; path = DFPlayerTool.m; sourceTree = "<group>"; };
		06B33B8A1F72582F003A559C /* AppDelegate.h */ = {isa = PBXFileReference; fileEncoding = 4; lastKnownFileType = sourcecode.c.h; path = AppDelegate.h; sourceTree = "<group>"; };
		06B33B8B1F72582F003A559C /* AppDelegate.m */ = {isa = PBXFileReference; fileEncoding = 4; lastKnownFileType = sourcecode.c.objc; path = AppDelegate.m; sourceTree = "<group>"; };
		06B33B8D1F72582F003A559C /* DFLocalAudioViewController.h */ = {isa = PBXFileReference; fileEncoding = 4; lastKnownFileType = sourcecode.c.h; path = DFLocalAudioViewController.h; sourceTree = "<group>"; };
		06B33B8E1F72582F003A559C /* DFLocalAudioViewController.m */ = {isa = PBXFileReference; fileEncoding = 4; lastKnownFileType = sourcecode.c.objc; path = DFLocalAudioViewController.m; sourceTree = "<group>"; };
		06B33B931F72582F003A559C /* DFMacro.h */ = {isa = PBXFileReference; fileEncoding = 4; lastKnownFileType = sourcecode.c.h; path = DFMacro.h; sourceTree = "<group>"; };
		06B33B941F72582F003A559C /* NSObject+Alert.h */ = {isa = PBXFileReference; fileEncoding = 4; lastKnownFileType = sourcecode.c.h; path = "NSObject+Alert.h"; sourceTree = "<group>"; };
		06B33B951F72582F003A559C /* NSObject+Alert.m */ = {isa = PBXFileReference; fileEncoding = 4; lastKnownFileType = sourcecode.c.objc; path = "NSObject+Alert.m"; sourceTree = "<group>"; };
		06B33B961F72582F003A559C /* UIImage+Blur.h */ = {isa = PBXFileReference; fileEncoding = 4; lastKnownFileType = sourcecode.c.h; path = "UIImage+Blur.h"; sourceTree = "<group>"; };
		06B33B971F72582F003A559C /* UIImage+Blur.m */ = {isa = PBXFileReference; fileEncoding = 4; lastKnownFileType = sourcecode.c.objc; path = "UIImage+Blur.m"; sourceTree = "<group>"; };
		06B33BA01F72582F003A559C /* addAudio.plist */ = {isa = PBXFileReference; fileEncoding = 4; lastKnownFileType = text.plist.xml; path = addAudio.plist; sourceTree = "<group>"; };
		06B33BA11F72582F003A559C /* default_bg.jpg */ = {isa = PBXFileReference; lastKnownFileType = image.jpeg; path = default_bg.jpg; sourceTree = "<group>"; };
		06B33BA41F72582F003A559C /* LocalAudio.plist */ = {isa = PBXFileReference; fileEncoding = 4; lastKnownFileType = text.plist.xml; path = LocalAudio.plist; sourceTree = "<group>"; };
		06B33BA61F72582F003A559C /* NetAudio.plist */ = {isa = PBXFileReference; fileEncoding = 4; lastKnownFileType = text.plist.xml; path = NetAudio.plist; sourceTree = "<group>"; };
		06B33BAA1F72582F003A559C /* YourDataModel.h */ = {isa = PBXFileReference; fileEncoding = 4; lastKnownFileType = sourcecode.c.h; path = YourDataModel.h; sourceTree = "<group>"; };
		06B33BAB1F72582F003A559C /* YourDataModel.m */ = {isa = PBXFileReference; fileEncoding = 4; lastKnownFileType = sourcecode.c.objc; path = YourDataModel.m; sourceTree = "<group>"; };
		F95478441F88CE6C00D85D46 /* 大圈圈.mp3 */ = {isa = PBXFileReference; lastKnownFileType = audio.mp3; path = "大圈圈.mp3"; sourceTree = "<group>"; };
		F95478491F88D07A00D85D46 /* DFNetAudioViewController.h */ = {isa = PBXFileReference; lastKnownFileType = sourcecode.c.h; path = DFNetAudioViewController.h; sourceTree = "<group>"; };
		F954784A1F88D07A00D85D46 /* DFNetAudioViewController.m */ = {isa = PBXFileReference; lastKnownFileType = sourcecode.c.objc; path = DFNetAudioViewController.m; sourceTree = "<group>"; };
		F954784C1F88D15400D85D46 /* DFCacheViewController.h */ = {isa = PBXFileReference; lastKnownFileType = sourcecode.c.h; path = DFCacheViewController.h; sourceTree = "<group>"; };
		F954784D1F88D15400D85D46 /* DFCacheViewController.m */ = {isa = PBXFileReference; lastKnownFileType = sourcecode.c.objc; path = DFCacheViewController.m; sourceTree = "<group>"; };
		F95478501F88DAB900D85D46 /* 权志龙-MISSING YOU.lrc */ = {isa = PBXFileReference; lastKnownFileType = text; path = "权志龙-MISSING YOU.lrc"; sourceTree = "<group>"; };
		F95478521F88DBF800D85D46 /* 王若琳-迷宫.lrc */ = {isa = PBXFileReference; lastKnownFileType = text; path = "王若琳-迷宫.lrc"; sourceTree = "<group>"; };
		F95478541F892DD700D85D46 /* 许嵩(Vae)-有何不可.lrc */ = {isa = PBXFileReference; lastKnownFileType = text; path = "许嵩(Vae)-有何不可.lrc"; sourceTree = "<group>"; };
		F9D6E97C1F8A37C300069376 /* 徐良&小凌-321对不起.lrc */ = {isa = PBXFileReference; lastKnownFileType = text; path = "徐良&小凌-321对不起.lrc"; sourceTree = "<group>"; };
		F9D6E97E1F8A4C2600069376 /* 刘依朵-醉红颜.lrc */ = {isa = PBXFileReference; lastKnownFileType = text; path = "刘依朵-醉红颜.lrc"; sourceTree = "<group>"; };
		F9D6E9801F8A854700069376 /* Maroon 5-don't wanna know.lrc */ = {isa = PBXFileReference; lastKnownFileType = text; path = "Maroon 5-don't wanna know.lrc"; sourceTree = "<group>"; };
		F9D6E9821F8A87BB00069376 /* Dragon Pig-全部都是你.lrc */ = {isa = PBXFileReference; lastKnownFileType = text; path = "Dragon Pig-全部都是你.lrc"; sourceTree = "<group>"; };
/* End PBXFileReference section */

/* Begin PBXFrameworksBuildPhase section */
		06B33B2C1F725814003A559C /* Frameworks */ = {
			isa = PBXFrameworksBuildPhase;
			buildActionMask = 2147483647;
			files = (
			);
			runOnlyForDeploymentPostprocessing = 0;
		};
		06B33B451F725814003A559C /* Frameworks */ = {
			isa = PBXFrameworksBuildPhase;
			buildActionMask = 2147483647;
			files = (
			);
			runOnlyForDeploymentPostprocessing = 0;
		};
		06B33B501F725814003A559C /* Frameworks */ = {
			isa = PBXFrameworksBuildPhase;
			buildActionMask = 2147483647;
			files = (
			);
			runOnlyForDeploymentPostprocessing = 0;
		};
/* End PBXFrameworksBuildPhase section */

/* Begin PBXGroup section */
		06B33B261F725814003A559C = {
			isa = PBXGroup;
			children = (
				06B33B311F725814003A559C /* DFPlayerDemo */,
				06B33B4B1F725814003A559C /* DFPlayerDemoTests */,
				06B33B561F725814003A559C /* DFPlayerDemoUITests */,
				06B33B301F725814003A559C /* Products */,
			);
			sourceTree = "<group>";
		};
		06B33B301F725814003A559C /* Products */ = {
			isa = PBXGroup;
			children = (
				06B33B2F1F725814003A559C /* DFPlayerDemo.app */,
				06B33B481F725814003A559C /* DFPlayerDemoTests.xctest */,
				06B33B531F725814003A559C /* DFPlayerDemoUITests.xctest */,
			);
			name = Products;
			sourceTree = "<group>";
		};
		06B33B311F725814003A559C /* DFPlayerDemo */ = {
			isa = PBXGroup;
			children = (
				06B33B891F72582F003A559C /* Src */,
				06B33B651F725829003A559C /* DFPlayer */,
				06B33B3E1F725814003A559C /* Assets.xcassets */,
				06B33B401F725814003A559C /* LaunchScreen.storyboard */,
				06B33B321F725814003A559C /* Supporting Files */,
			);
			path = DFPlayerDemo;
			sourceTree = "<group>";
		};
		06B33B321F725814003A559C /* Supporting Files */ = {
			isa = PBXGroup;
			children = (
				06B33B431F725814003A559C /* Info.plist */,
				06B33B3B1F725814003A559C /* Main.storyboard */,
				06B33B331F725814003A559C /* main.m */,
			);
			name = "Supporting Files";
			sourceTree = "<group>";
		};
		06B33B4B1F725814003A559C /* DFPlayerDemoTests */ = {
			isa = PBXGroup;
			children = (
				06B33B4C1F725814003A559C /* DFPlayerDemoTests.m */,
				06B33B4E1F725814003A559C /* Info.plist */,
			);
			path = DFPlayerDemoTests;
			sourceTree = "<group>";
		};
		06B33B561F725814003A559C /* DFPlayerDemoUITests */ = {
			isa = PBXGroup;
			children = (
				06B33B571F725814003A559C /* DFPlayerDemoUITests.m */,
				06B33B591F725814003A559C /* Info.plist */,
			);
			path = DFPlayerDemoUITests;
			sourceTree = "<group>";
		};
		06B33B651F725829003A559C /* DFPlayer */ = {
			isa = PBXGroup;
			children = (
				06B33B661F725829003A559C /* DFPlayer.bundle */,
				06B33B671F725829003A559C /* DFPlayer.h */,
				06B33B681F725829003A559C /* DFPlayerControlManager.h */,
				06B33B691F725829003A559C /* DFPlayerControlManager.m */,
				06B33B6A1F725829003A559C /* DFPlayerManager.h */,
				06B33B6B1F725829003A559C /* DFPlayerManager.m */,
				06B33B6C1F725829003A559C /* DFPlayerModel.h */,
				06B33B6D1F725829003A559C /* DFPlayerModel.m */,
				06B33B6E1F725829003A559C /* supplement */,
			);
			path = DFPlayer;
			sourceTree = "<group>";
		};
		06B33B6E1F725829003A559C /* supplement */ = {
			isa = PBXGroup;
			children = (
				06B33B6F1F725829003A559C /* AFNetworkReachabilityManager.h */,
				06B33B701F725829003A559C /* AFNetworkReachabilityManager.m */,
				06B33B711F725829003A559C /* DFPlayerFileManager.h */,
				06B33B721F725829003A559C /* DFPlayerFileManager.m */,
				06B33B731F725829003A559C /* DFPlayerLyricsTableview.h */,
				06B33B741F725829003A559C /* DFPlayerLyricsTableview.m */,
				06B33B761F725829003A559C /* DFPlayerRemoteApplication.h */,
				06B33B771F725829003A559C /* DFPlayerRemoteApplication.m */,
				06B33B781F725829003A559C /* DFPlayerRequestManager.h */,
				06B33B791F725829003A559C /* DFPlayerRequestManager.m */,
				06B33B7A1F725829003A559C /* DFPlayerResourceLoader.h */,
				06B33B7B1F725829003A559C /* DFPlayerResourceLoader.m */,
				06B33B7C1F725829003A559C /* DFPlayerTool.h */,
				06B33B7D1F725829003A559C /* DFPlayerTool.m */,
			);
			path = supplement;
			sourceTree = "<group>";
		};
		06B33B891F72582F003A559C /* Src */ = {
			isa = PBXGroup;
			children = (
				06B33B8A1F72582F003A559C /* AppDelegate.h */,
				06B33B8B1F72582F003A559C /* AppDelegate.m */,
				F954784C1F88D15400D85D46 /* DFCacheViewController.h */,
				F954784D1F88D15400D85D46 /* DFCacheViewController.m */,
				06B33B8D1F72582F003A559C /* DFLocalAudioViewController.h */,
				06B33B8E1F72582F003A559C /* DFLocalAudioViewController.m */,
				F95478491F88D07A00D85D46 /* DFNetAudioViewController.h */,
				F954784A1F88D07A00D85D46 /* DFNetAudioViewController.m */,
				06B33B921F72582F003A559C /* other */,
				06B33B9F1F72582F003A559C /* Resource */,
			);
			path = Src;
			sourceTree = "<group>";
		};
		06B33B921F72582F003A559C /* other */ = {
			isa = PBXGroup;
			children = (
				06B33B931F72582F003A559C /* DFMacro.h */,
				06B33B941F72582F003A559C /* NSObject+Alert.h */,
				06B33B951F72582F003A559C /* NSObject+Alert.m */,
				06B33B961F72582F003A559C /* UIImage+Blur.h */,
				06B33B971F72582F003A559C /* UIImage+Blur.m */,
				06B33BAA1F72582F003A559C /* YourDataModel.h */,
				06B33BAB1F72582F003A559C /* YourDataModel.m */,
			);
			path = other;
			sourceTree = "<group>";
		};
		06B33B9F1F72582F003A559C /* Resource */ = {
			isa = PBXGroup;
			children = (
				F95478431F88CE6C00D85D46 /* LocalAudio */,
				F95478451F88CE7300D85D46 /* LRC */,
				06B33BA01F72582F003A559C /* addAudio.plist */,
				06B33BA11F72582F003A559C /* default_bg.jpg */,
				06B33BA41F72582F003A559C /* LocalAudio.plist */,
				06B33BA61F72582F003A559C /* NetAudio.plist */,
			);
			path = Resource;
			sourceTree = "<group>";
		};
		F95478431F88CE6C00D85D46 /* LocalAudio */ = {
			isa = PBXGroup;
			children = (
				F95478441F88CE6C00D85D46 /* 大圈圈.mp3 */,
			);
			path = LocalAudio;
			sourceTree = "<group>";
		};
		F95478451F88CE7300D85D46 /* LRC */ = {
			isa = PBXGroup;
			children = (
				F95478501F88DAB900D85D46 /* 权志龙-MISSING YOU.lrc */,
				F95478521F88DBF800D85D46 /* 王若琳-迷宫.lrc */,
				F95478541F892DD700D85D46 /* 许嵩(Vae)-有何不可.lrc */,
				F9D6E97C1F8A37C300069376 /* 徐良&小凌-321对不起.lrc */,
				F9D6E97E1F8A4C2600069376 /* 刘依朵-醉红颜.lrc */,
				F9D6E9801F8A854700069376 /* Maroon 5-don't wanna know.lrc */,
				F9D6E9821F8A87BB00069376 /* Dragon Pig-全部都是你.lrc */,
			);
			path = LRC;
			sourceTree = "<group>";
		};
/* End PBXGroup section */

/* Begin PBXNativeTarget section */
		06B33B2E1F725814003A559C /* DFPlayerDemo */ = {
			isa = PBXNativeTarget;
			buildConfigurationList = 06B33B5C1F725814003A559C /* Build configuration list for PBXNativeTarget "DFPlayerDemo" */;
			buildPhases = (
				06B33B2B1F725814003A559C /* Sources */,
				06B33B2C1F725814003A559C /* Frameworks */,
				06B33B2D1F725814003A559C /* Resources */,
			);
			buildRules = (
			);
			dependencies = (
			);
			name = DFPlayerDemo;
			productName = DFPlayerDemo;
			productReference = 06B33B2F1F725814003A559C /* DFPlayerDemo.app */;
			productType = "com.apple.product-type.application";
		};
		06B33B471F725814003A559C /* DFPlayerDemoTests */ = {
			isa = PBXNativeTarget;
			buildConfigurationList = 06B33B5F1F725814003A559C /* Build configuration list for PBXNativeTarget "DFPlayerDemoTests" */;
			buildPhases = (
				06B33B441F725814003A559C /* Sources */,
				06B33B451F725814003A559C /* Frameworks */,
				06B33B461F725814003A559C /* Resources */,
			);
			buildRules = (
			);
			dependencies = (
				06B33B4A1F725814003A559C /* PBXTargetDependency */,
			);
			name = DFPlayerDemoTests;
			productName = DFPlayerDemoTests;
			productReference = 06B33B481F725814003A559C /* DFPlayerDemoTests.xctest */;
			productType = "com.apple.product-type.bundle.unit-test";
		};
		06B33B521F725814003A559C /* DFPlayerDemoUITests */ = {
			isa = PBXNativeTarget;
			buildConfigurationList = 06B33B621F725814003A559C /* Build configuration list for PBXNativeTarget "DFPlayerDemoUITests" */;
			buildPhases = (
				06B33B4F1F725814003A559C /* Sources */,
				06B33B501F725814003A559C /* Frameworks */,
				06B33B511F725814003A559C /* Resources */,
			);
			buildRules = (
			);
			dependencies = (
				06B33B551F725814003A559C /* PBXTargetDependency */,
			);
			name = DFPlayerDemoUITests;
			productName = DFPlayerDemoUITests;
			productReference = 06B33B531F725814003A559C /* DFPlayerDemoUITests.xctest */;
			productType = "com.apple.product-type.bundle.ui-testing";
		};
/* End PBXNativeTarget section */

/* Begin PBXProject section */
		06B33B271F725814003A559C /* Project object */ = {
			isa = PBXProject;
			attributes = {
				LastUpgradeCheck = 0900;
				ORGANIZATIONNAME = HDF;
				TargetAttributes = {
					06B33B2E1F725814003A559C = {
						CreatedOnToolsVersion = 8.3.3;
						DevelopmentTeam = 3YCJES5329;
						ProvisioningStyle = Automatic;
						SystemCapabilities = {
							com.apple.BackgroundModes = {
								enabled = 1;
							};
						};
					};
					06B33B471F725814003A559C = {
						CreatedOnToolsVersion = 8.3.3;
						ProvisioningStyle = Automatic;
						TestTargetID = 06B33B2E1F725814003A559C;
					};
					06B33B521F725814003A559C = {
						CreatedOnToolsVersion = 8.3.3;
						ProvisioningStyle = Automatic;
						TestTargetID = 06B33B2E1F725814003A559C;
					};
				};
			};
			buildConfigurationList = 06B33B2A1F725814003A559C /* Build configuration list for PBXProject "DFPlayerDemo" */;
			compatibilityVersion = "Xcode 3.2";
			developmentRegion = English;
			hasScannedForEncodings = 0;
			knownRegions = (
				en,
				Base,
			);
			mainGroup = 06B33B261F725814003A559C;
			productRefGroup = 06B33B301F725814003A559C /* Products */;
			projectDirPath = "";
			projectRoot = "";
			targets = (
				06B33B2E1F725814003A559C /* DFPlayerDemo */,
				06B33B471F725814003A559C /* DFPlayerDemoTests */,
				06B33B521F725814003A559C /* DFPlayerDemoUITests */,
			);
		};
/* End PBXProject section */

/* Begin PBXResourcesBuildPhase section */
		06B33B2D1F725814003A559C /* Resources */ = {
			isa = PBXResourcesBuildPhase;
			buildActionMask = 2147483647;
			files = (
				06B33BB51F725830003A559C /* default_bg.jpg in Resources */,
				06B33B421F725814003A559C /* LaunchScreen.storyboard in Resources */,
				06B33BBA1F725830003A559C /* NetAudio.plist in Resources */,
				F95478531F88DBF800D85D46 /* 王若琳-迷宫.lrc in Resources */,
				F95478511F88DAB900D85D46 /* 权志龙-MISSING YOU.lrc in Resources */,
				06B33BB81F725830003A559C /* LocalAudio.plist in Resources */,
				06B33B3F1F725814003A559C /* Assets.xcassets in Resources */,
				06B33BB41F725830003A559C /* addAudio.plist in Resources */,
				F9D6E97F1F8A4C2600069376 /* 刘依朵-醉红颜.lrc in Resources */,
				06B33B7E1F725829003A559C /* DFPlayer.bundle in Resources */,
				06B33B3D1F725814003A559C /* Main.storyboard in Resources */,
				F95478551F892DD700D85D46 /* 许嵩(Vae)-有何不可.lrc in Resources */,
				F9D6E9831F8A87BB00069376 /* Dragon Pig-全部都是你.lrc in Resources */,
				F9D6E9811F8A854700069376 /* Maroon 5-don't wanna know.lrc in Resources */,
				F9D6E97D1F8A37C300069376 /* 徐良&小凌-321对不起.lrc in Resources */,
			);
			runOnlyForDeploymentPostprocessing = 0;
		};
		06B33B461F725814003A559C /* Resources */ = {
			isa = PBXResourcesBuildPhase;
			buildActionMask = 2147483647;
			files = (
			);
			runOnlyForDeploymentPostprocessing = 0;
		};
		06B33B511F725814003A559C /* Resources */ = {
			isa = PBXResourcesBuildPhase;
			buildActionMask = 2147483647;
			files = (
			);
			runOnlyForDeploymentPostprocessing = 0;
		};
/* End PBXResourcesBuildPhase section */

/* Begin PBXSourcesBuildPhase section */
		06B33B2B1F725814003A559C /* Sources */ = {
			isa = PBXSourcesBuildPhase;
			buildActionMask = 2147483647;
			files = (
				06B33BBE1F725830003A559C /* YourDataModel.m in Sources */,
				06B33B831F725829003A559C /* DFPlayerFileManager.m in Sources */,
				06B33B7F1F725829003A559C /* DFPlayerControlManager.m in Sources */,
				06B33B881F725829003A559C /* DFPlayerTool.m in Sources */,
				06B33B341F725814003A559C /* main.m in Sources */,
				06B33B821F725829003A559C /* AFNetworkReachabilityManager.m in Sources */,
				06B33B841F725829003A559C /* DFPlayerLyricsTableview.m in Sources */,
				06B33BAD1F725830003A559C /* DFLocalAudioViewController.m in Sources */,
				06B33B861F725829003A559C /* DFPlayerRequestManager.m in Sources */,
				06B33B851F725829003A559C /* DFPlayerRemoteApplication.m in Sources */,
				06B33BAC1F72582F003A559C /* AppDelegate.m in Sources */,
				06B33BB01F725830003A559C /* UIImage+Blur.m in Sources */,
				06B33B811F725829003A559C /* DFPlayerModel.m in Sources */,
				06B33BAF1F725830003A559C /* NSObject+Alert.m in Sources */,
				F954784B1F88D07A00D85D46 /* DFNetAudioViewController.m in Sources */,
				06B33B801F725829003A559C /* DFPlayerManager.m in Sources */,
				F954784E1F88D15400D85D46 /* DFCacheViewController.m in Sources */,
				06B33B871F725829003A559C /* DFPlayerResourceLoader.m in Sources */,
			);
			runOnlyForDeploymentPostprocessing = 0;
		};
		06B33B441F725814003A559C /* Sources */ = {
			isa = PBXSourcesBuildPhase;
			buildActionMask = 2147483647;
			files = (
				06B33B4D1F725814003A559C /* DFPlayerDemoTests.m in Sources */,
			);
			runOnlyForDeploymentPostprocessing = 0;
		};
		06B33B4F1F725814003A559C /* Sources */ = {
			isa = PBXSourcesBuildPhase;
			buildActionMask = 2147483647;
			files = (
				06B33B581F725814003A559C /* DFPlayerDemoUITests.m in Sources */,
			);
			runOnlyForDeploymentPostprocessing = 0;
		};
/* End PBXSourcesBuildPhase section */

/* Begin PBXTargetDependency section */
		06B33B4A1F725814003A559C /* PBXTargetDependency */ = {
			isa = PBXTargetDependency;
			target = 06B33B2E1F725814003A559C /* DFPlayerDemo */;
			targetProxy = 06B33B491F725814003A559C /* PBXContainerItemProxy */;
		};
		06B33B551F725814003A559C /* PBXTargetDependency */ = {
			isa = PBXTargetDependency;
			target = 06B33B2E1F725814003A559C /* DFPlayerDemo */;
			targetProxy = 06B33B541F725814003A559C /* PBXContainerItemProxy */;
		};
/* End PBXTargetDependency section */

/* Begin PBXVariantGroup section */
		06B33B3B1F725814003A559C /* Main.storyboard */ = {
			isa = PBXVariantGroup;
			children = (
				06B33B3C1F725814003A559C /* Base */,
			);
			name = Main.storyboard;
			sourceTree = "<group>";
		};
		06B33B401F725814003A559C /* LaunchScreen.storyboard */ = {
			isa = PBXVariantGroup;
			children = (
				06B33B411F725814003A559C /* Base */,
			);
			name = LaunchScreen.storyboard;
			sourceTree = "<group>";
		};
/* End PBXVariantGroup section */

/* Begin XCBuildConfiguration section */
		06B33B5A1F725814003A559C /* Debug */ = {
			isa = XCBuildConfiguration;
			buildSettings = {
				ALWAYS_SEARCH_USER_PATHS = NO;
				CLANG_ANALYZER_NONNULL = YES;
				CLANG_ANALYZER_NUMBER_OBJECT_CONVERSION = YES_AGGRESSIVE;
				CLANG_CXX_LANGUAGE_STANDARD = "gnu++0x";
				CLANG_CXX_LIBRARY = "libc++";
				CLANG_ENABLE_MODULES = YES;
				CLANG_ENABLE_OBJC_ARC = YES;
				CLANG_WARN_BLOCK_CAPTURE_AUTORELEASING = YES;
				CLANG_WARN_BOOL_CONVERSION = YES;
				CLANG_WARN_COMMA = YES;
				CLANG_WARN_CONSTANT_CONVERSION = YES;
				CLANG_WARN_DIRECT_OBJC_ISA_USAGE = YES_ERROR;
				CLANG_WARN_DOCUMENTATION_COMMENTS = YES;
				CLANG_WARN_EMPTY_BODY = YES;
				CLANG_WARN_ENUM_CONVERSION = YES;
				CLANG_WARN_INFINITE_RECURSION = YES;
				CLANG_WARN_INT_CONVERSION = YES;
				CLANG_WARN_NON_LITERAL_NULL_CONVERSION = YES;
				CLANG_WARN_OBJC_LITERAL_CONVERSION = YES;
				CLANG_WARN_OBJC_ROOT_CLASS = YES_ERROR;
				CLANG_WARN_RANGE_LOOP_ANALYSIS = YES;
				CLANG_WARN_STRICT_PROTOTYPES = YES;
				CLANG_WARN_SUSPICIOUS_MOVE = YES;
				CLANG_WARN_UNREACHABLE_CODE = YES;
				CLANG_WARN__DUPLICATE_METHOD_MATCH = YES;
				"CODE_SIGN_IDENTITY[sdk=iphoneos*]" = "iPhone Developer";
				COPY_PHASE_STRIP = NO;
				DEBUG_INFORMATION_FORMAT = dwarf;
				ENABLE_STRICT_OBJC_MSGSEND = YES;
				ENABLE_TESTABILITY = YES;
				GCC_C_LANGUAGE_STANDARD = gnu99;
				GCC_DYNAMIC_NO_PIC = NO;
				GCC_NO_COMMON_BLOCKS = YES;
				GCC_OPTIMIZATION_LEVEL = 0;
				GCC_PREPROCESSOR_DEFINITIONS = (
					"DEBUG=1",
					"$(inherited)",
				);
				GCC_WARN_64_TO_32_BIT_CONVERSION = YES;
				GCC_WARN_ABOUT_RETURN_TYPE = YES_ERROR;
				GCC_WARN_UNDECLARED_SELECTOR = YES;
				GCC_WARN_UNINITIALIZED_AUTOS = YES_AGGRESSIVE;
				GCC_WARN_UNUSED_FUNCTION = YES;
				GCC_WARN_UNUSED_VARIABLE = YES;
				IPHONEOS_DEPLOYMENT_TARGET = 10.3;
				MTL_ENABLE_DEBUG_INFO = YES;
				ONLY_ACTIVE_ARCH = YES;
				SDKROOT = iphoneos;
				TARGETED_DEVICE_FAMILY = "1,2";
			};
			name = Debug;
		};
		06B33B5B1F725814003A559C /* Release */ = {
			isa = XCBuildConfiguration;
			buildSettings = {
				ALWAYS_SEARCH_USER_PATHS = NO;
				CLANG_ANALYZER_NONNULL = YES;
				CLANG_ANALYZER_NUMBER_OBJECT_CONVERSION = YES_AGGRESSIVE;
				CLANG_CXX_LANGUAGE_STANDARD = "gnu++0x";
				CLANG_CXX_LIBRARY = "libc++";
				CLANG_ENABLE_MODULES = YES;
				CLANG_ENABLE_OBJC_ARC = YES;
				CLANG_WARN_BLOCK_CAPTURE_AUTORELEASING = YES;
				CLANG_WARN_BOOL_CONVERSION = YES;
				CLANG_WARN_COMMA = YES;
				CLANG_WARN_CONSTANT_CONVERSION = YES;
				CLANG_WARN_DIRECT_OBJC_ISA_USAGE = YES_ERROR;
				CLANG_WARN_DOCUMENTATION_COMMENTS = YES;
				CLANG_WARN_EMPTY_BODY = YES;
				CLANG_WARN_ENUM_CONVERSION = YES;
				CLANG_WARN_INFINITE_RECURSION = YES;
				CLANG_WARN_INT_CONVERSION = YES;
				CLANG_WARN_NON_LITERAL_NULL_CONVERSION = YES;
				CLANG_WARN_OBJC_LITERAL_CONVERSION = YES;
				CLANG_WARN_OBJC_ROOT_CLASS = YES_ERROR;
				CLANG_WARN_RANGE_LOOP_ANALYSIS = YES;
				CLANG_WARN_STRICT_PROTOTYPES = YES;
				CLANG_WARN_SUSPICIOUS_MOVE = YES;
				CLANG_WARN_UNREACHABLE_CODE = YES;
				CLANG_WARN__DUPLICATE_METHOD_MATCH = YES;
				"CODE_SIGN_IDENTITY[sdk=iphoneos*]" = "iPhone Developer";
				COPY_PHASE_STRIP = NO;
				DEBUG_INFORMATION_FORMAT = "dwarf-with-dsym";
				ENABLE_NS_ASSERTIONS = NO;
				ENABLE_STRICT_OBJC_MSGSEND = YES;
				GCC_C_LANGUAGE_STANDARD = gnu99;
				GCC_NO_COMMON_BLOCKS = YES;
				GCC_WARN_64_TO_32_BIT_CONVERSION = YES;
				GCC_WARN_ABOUT_RETURN_TYPE = YES_ERROR;
				GCC_WARN_UNDECLARED_SELECTOR = YES;
				GCC_WARN_UNINITIALIZED_AUTOS = YES_AGGRESSIVE;
				GCC_WARN_UNUSED_FUNCTION = YES;
				GCC_WARN_UNUSED_VARIABLE = YES;
				IPHONEOS_DEPLOYMENT_TARGET = 10.3;
				MTL_ENABLE_DEBUG_INFO = NO;
				SDKROOT = iphoneos;
				TARGETED_DEVICE_FAMILY = "1,2";
				VALIDATE_PRODUCT = YES;
			};
			name = Release;
		};
		06B33B5D1F725814003A559C /* Debug */ = {
			isa = XCBuildConfiguration;
			buildSettings = {
				ASSETCATALOG_COMPILER_APPICON_NAME = AppIcon;
				DEVELOPMENT_TEAM = 3YCJES5329;
				INFOPLIST_FILE = DFPlayerDemo/Info.plist;
				IPHONEOS_DEPLOYMENT_TARGET = 8.0;
				LD_RUNPATH_SEARCH_PATHS = "$(inherited) @executable_path/Frameworks";
				PRODUCT_BUNDLE_IDENTIFIER = HDF.DFPlayerDemo;
				PRODUCT_NAME = "$(TARGET_NAME)";
			};
			name = Debug;
		};
		06B33B5E1F725814003A559C /* Release */ = {
			isa = XCBuildConfiguration;
			buildSettings = {
				ASSETCATALOG_COMPILER_APPICON_NAME = AppIcon;
				DEVELOPMENT_TEAM = 3YCJES5329;
				INFOPLIST_FILE = DFPlayerDemo/Info.plist;
				IPHONEOS_DEPLOYMENT_TARGET = 8.0;
				LD_RUNPATH_SEARCH_PATHS = "$(inherited) @executable_path/Frameworks";
				PRODUCT_BUNDLE_IDENTIFIER = HDF.DFPlayerDemo;
				PRODUCT_NAME = "$(TARGET_NAME)";
			};
			name = Release;
		};
		06B33B601F725814003A559C /* Debug */ = {
			isa = XCBuildConfiguration;
			buildSettings = {
				BUNDLE_LOADER = "$(TEST_HOST)";
				INFOPLIST_FILE = DFPlayerDemoTests/Info.plist;
				LD_RUNPATH_SEARCH_PATHS = "$(inherited) @executable_path/Frameworks @loader_path/Frameworks";
				PRODUCT_BUNDLE_IDENTIFIER = HDF.DFPlayerDemoTests;
				PRODUCT_NAME = "$(TARGET_NAME)";
				TEST_HOST = "$(BUILT_PRODUCTS_DIR)/DFPlayerDemo.app/DFPlayerDemo";
			};
			name = Debug;
		};
		06B33B611F725814003A559C /* Release */ = {
			isa = XCBuildConfiguration;
			buildSettings = {
				BUNDLE_LOADER = "$(TEST_HOST)";
				INFOPLIST_FILE = DFPlayerDemoTests/Info.plist;
				LD_RUNPATH_SEARCH_PATHS = "$(inherited) @executable_path/Frameworks @loader_path/Frameworks";
				PRODUCT_BUNDLE_IDENTIFIER = HDF.DFPlayerDemoTests;
				PRODUCT_NAME = "$(TARGET_NAME)";
				TEST_HOST = "$(BUILT_PRODUCTS_DIR)/DFPlayerDemo.app/DFPlayerDemo";
			};
			name = Release;
		};
		06B33B631F725814003A559C /* Debug */ = {
			isa = XCBuildConfiguration;
			buildSettings = {
				INFOPLIST_FILE = DFPlayerDemoUITests/Info.plist;
				LD_RUNPATH_SEARCH_PATHS = "$(inherited) @executable_path/Frameworks @loader_path/Frameworks";
				PRODUCT_BUNDLE_IDENTIFIER = HDF.DFPlayerDemoUITests;
				PRODUCT_NAME = "$(TARGET_NAME)";
				TEST_TARGET_NAME = DFPlayerDemo;
			};
			name = Debug;
		};
		06B33B641F725814003A559C /* Release */ = {
			isa = XCBuildConfiguration;
			buildSettings = {
				INFOPLIST_FILE = DFPlayerDemoUITests/Info.plist;
				LD_RUNPATH_SEARCH_PATHS = "$(inherited) @executable_path/Frameworks @loader_path/Frameworks";
				PRODUCT_BUNDLE_IDENTIFIER = HDF.DFPlayerDemoUITests;
				PRODUCT_NAME = "$(TARGET_NAME)";
				TEST_TARGET_NAME = DFPlayerDemo;
			};
			name = Release;
		};
/* End XCBuildConfiguration section */

/* Begin XCConfigurationList section */
		06B33B2A1F725814003A559C /* Build configuration list for PBXProject "DFPlayerDemo" */ = {
			isa = XCConfigurationList;
			buildConfigurations = (
				06B33B5A1F725814003A559C /* Debug */,
				06B33B5B1F725814003A559C /* Release */,
			);
			defaultConfigurationIsVisible = 0;
			defaultConfigurationName = Release;
		};
		06B33B5C1F725814003A559C /* Build configuration list for PBXNativeTarget "DFPlayerDemo" */ = {
			isa = XCConfigurationList;
			buildConfigurations = (
				06B33B5D1F725814003A559C /* Debug */,
				06B33B5E1F725814003A559C /* Release */,
			);
			defaultConfigurationIsVisible = 0;
			defaultConfigurationName = Release;
		};
		06B33B5F1F725814003A559C /* Build configuration list for PBXNativeTarget "DFPlayerDemoTests" */ = {
			isa = XCConfigurationList;
			buildConfigurations = (
				06B33B601F725814003A559C /* Debug */,
				06B33B611F725814003A559C /* Release */,
			);
			defaultConfigurationIsVisible = 0;
			defaultConfigurationName = Release;
		};
		06B33B621F725814003A559C /* Build configuration list for PBXNativeTarget "DFPlayerDemoUITests" */ = {
			isa = XCConfigurationList;
			buildConfigurations = (
				06B33B631F725814003A559C /* Debug */,
				06B33B641F725814003A559C /* Release */,
			);
			defaultConfigurationIsVisible = 0;
			defaultConfigurationName = Release;
		};
/* End XCConfigurationList section */
	};
	rootObject = 06B33B271F725814003A559C /* Project object */;
}
