// !$*UTF8*$!
{
	archiveVersion = 1;
	classes = {
	};
	objectVersion = 46;
	objects = {

/* Begin PBXBuildFile section */
		06B33B341F725814003A559C /* main.m in Sources */ = {isa = PBXBuildFile; fileRef = 06B33B331F725814003A559C /* main.m */; };
		06B33B3F1F725814003A559C /* Assets.xcassets in Resources */ = {isa = PBXBuildFile; fileRef = 06B33B3E1F725814003A559C /* Assets.xcassets */; };
		06B33B421F725814003A559C /* LaunchScreen.storyboard in Resources */ = {isa = PBXBuildFile; fileRef = 06B33B401F725814003A559C /* LaunchScreen.storyboard */; };
		06B33B4D1F725814003A559C /* DFPlayerDemoTests.m in Sources */ = {isa = PBXBuildFile; fileRef = 06B33B4C1F725814003A559C /* DFPlayerDemoTests.m */; };
		06B33B581F725814003A559C /* DFPlayerDemoUITests.m in Sources */ = {isa = PBXBuildFile; fileRef = 06B33B571F725814003A559C /* DFPlayerDemoUITests.m */; };
		06B33BAC1F72582F003A559C /* AppDelegate.m in Sources */ = {isa = PBXBuildFile; fileRef = 06B33B8B1F72582F003A559C /* AppDelegate.m */; };
		06B33BB41F725830003A559C /* AudioDataAdd.plist in Resources */ = {isa = PBXBuildFile; fileRef = 06B33BA01F72582F003A559C /* AudioDataAdd.plist */; };
		06B33BBA1F725830003A559C /* AudioData.plist in Resources */ = {isa = PBXBuildFile; fileRef = 06B33BA61F72582F003A559C /* AudioData.plist */; };
		06B33BBE1F725830003A559C /* YourModel.m in Sources */ = {isa = PBXBuildFile; fileRef = 06B33BAB1F72582F003A559C /* YourModel.m */; };
		06E3FE911F8E07E90063577B /* 阿悄-死皮赖脸.lrc in Resources */ = {isa = PBXBuildFile; fileRef = 06E3FE901F8E07E90063577B /* 阿悄-死皮赖脸.lrc */; };
		E0033C852238CFFD00F086EB /* NSObject+Extentions.m in Sources */ = {isa = PBXBuildFile; fileRef = E0033C842238CFFD00F086EB /* NSObject+Extentions.m */; };
		E0033C882238D05B00F086EB /* DFPlayer_AFNetworkReachabilityManager.m in Sources */ = {isa = PBXBuildFile; fileRef = E0033C862238D05A00F086EB /* DFPlayer_AFNetworkReachabilityManager.m */; };
		E00A6CFA244EE6A2005D42E2 /* dfplayer_last@3x.png in Resources */ = {isa = PBXBuildFile; fileRef = E00A6CF8244EE6A2005D42E2 /* dfplayer_last@3x.png */; };
		E00A6CFB244EE6A2005D42E2 /* dfplayer_last@2x.png in Resources */ = {isa = PBXBuildFile; fileRef = E00A6CF9244EE6A2005D42E2 /* dfplayer_last@2x.png */; };
		E00A6CFE244EE73B005D42E2 /* dfplayer_next@2x.png in Resources */ = {isa = PBXBuildFile; fileRef = E00A6CFC244EE73B005D42E2 /* dfplayer_next@2x.png */; };
		E00A6CFF244EE73B005D42E2 /* dfplayer_next@3x.png in Resources */ = {isa = PBXBuildFile; fileRef = E00A6CFD244EE73B005D42E2 /* dfplayer_next@3x.png */; };
		E00A6D0C244EECE9005D42E2 /* dfplayer_pause@3x.png in Resources */ = {isa = PBXBuildFile; fileRef = E00A6D08244EECE8005D42E2 /* dfplayer_pause@3x.png */; };
		E00A6D0D244EECE9005D42E2 /* dfplayer_pause@2x.png in Resources */ = {isa = PBXBuildFile; fileRef = E00A6D09244EECE8005D42E2 /* dfplayer_pause@2x.png */; };
		E00A6D0E244EECE9005D42E2 /* dfplayer_play@3x.png in Resources */ = {isa = PBXBuildFile; fileRef = E00A6D0A244EECE8005D42E2 /* dfplayer_play@3x.png */; };
		E00A6D0F244EECE9005D42E2 /* dfplayer_play@2x.png in Resources */ = {isa = PBXBuildFile; fileRef = E00A6D0B244EECE9005D42E2 /* dfplayer_play@2x.png */; };
		E00A6D21244EF02E005D42E2 /* dfplayer_single@3x.png in Resources */ = {isa = PBXBuildFile; fileRef = E00A6D1C244EF02D005D42E2 /* dfplayer_single@3x.png */; };
		E00A6D22244EF02E005D42E2 /* dfplayer_circle@3x.png in Resources */ = {isa = PBXBuildFile; fileRef = E00A6D1D244EF02D005D42E2 /* dfplayer_circle@3x.png */; };
		E00A6D23244EF02E005D42E2 /* dfplayer_single@2x.png in Resources */ = {isa = PBXBuildFile; fileRef = E00A6D1E244EF02D005D42E2 /* dfplayer_single@2x.png */; };
		E00A6D24244EF02E005D42E2 /* dfplayer_circle@2x.png in Resources */ = {isa = PBXBuildFile; fileRef = E00A6D1F244EF02D005D42E2 /* dfplayer_circle@2x.png */; };
		E00A6D25244EF02E005D42E2 /* dfplayer_shuffle@3x.png in Resources */ = {isa = PBXBuildFile; fileRef = E00A6D20244EF02E005D42E2 /* dfplayer_shuffle@3x.png */; };
		E03C789623824C0700C31BB6 /* 梦涵-17岁.lrc in Resources */ = {isa = PBXBuildFile; fileRef = E03C789523824C0700C31BB6 /* 梦涵-17岁.lrc */; };
		E052269F23924CA300819BB6 /* 陈芳语-爱你.lrc in Resources */ = {isa = PBXBuildFile; fileRef = E052269E23924CA300819BB6 /* 陈芳语-爱你.lrc */; };
		E05226A12392555300819BB6 /* 莫文蔚-慢慢喜欢你.lrc in Resources */ = {isa = PBXBuildFile; fileRef = E05226A02392555300819BB6 /* 莫文蔚-慢慢喜欢你.lrc */; };
		E05226A32392610C00819BB6 /* G2er-还有我.lrc in Resources */ = {isa = PBXBuildFile; fileRef = E05226A22392610C00819BB6 /* G2er-还有我.lrc */; };
		E05226A5239268D500819BB6 /* 苏琛-拾忆.lrc in Resources */ = {isa = PBXBuildFile; fileRef = E05226A4239268D500819BB6 /* 苏琛-拾忆.lrc */; };
		E05226A7239271E800819BB6 /* en-嚣张.lrc in Resources */ = {isa = PBXBuildFile; fileRef = E05226A6239271E800819BB6 /* en-嚣张.lrc */; };
		E05226A92392778500819BB6 /* 九块钱-颓.lrc in Resources */ = {isa = PBXBuildFile; fileRef = E05226A82392778500819BB6 /* 九块钱-颓.lrc */; };
		E0F683BF23A3CD210071A285 /* default_bg.jpg in Resources */ = {isa = PBXBuildFile; fileRef = E0F683BE23A3CD210071A285 /* default_bg.jpg */; };
		F9037BF61FB482320002F98C /* ihoudf-dfplayer.lrc in Resources */ = {isa = PBXBuildFile; fileRef = F9037BF51FB482320002F98C /* ihoudf-dfplayer.lrc */; };
		F944936B1FA1CD6D006C605F /* 陈冠希-战争.mp3 in Resources */ = {isa = PBXBuildFile; fileRef = F944936A1FA1CD6C006C605F /* 陈冠希-战争.mp3 */; };
		F94493711FA1D7C3006C605F /* 911-I Do.mp3 in Resources */ = {isa = PBXBuildFile; fileRef = F94493701FA1D7C3006C605F /* 911-I Do.mp3 */; };
		F94493791FA1DA29006C605F /* Frankmusik-Wrecking Ball.mp3 in Resources */ = {isa = PBXBuildFile; fileRef = F94493781FA1DA29006C605F /* Frankmusik-Wrecking Ball.mp3 */; };
		F944937B1FA1DC0F006C605F /* Flo Rida-Can't Believe It.mp3 in Resources */ = {isa = PBXBuildFile; fileRef = F944937A1FA1DC0F006C605F /* Flo Rida-Can't Believe It.mp3 */; };
		F94493991FA24423006C605F /* DFPlayer.bundle in Resources */ = {isa = PBXBuildFile; fileRef = F94493831FA24423006C605F /* DFPlayer.bundle */; };
		F944939A1FA24423006C605F /* DFPlayer.m in Sources */ = {isa = PBXBuildFile; fileRef = F94493851FA24423006C605F /* DFPlayer.m */; };
		F944939B1FA24423006C605F /* DFPlayerControlManager.m in Sources */ = {isa = PBXBuildFile; fileRef = F94493871FA24423006C605F /* DFPlayerControlManager.m */; };
		F944939C1FA24423006C605F /* DFPlayerModel.m in Sources */ = {isa = PBXBuildFile; fileRef = F94493891FA24423006C605F /* DFPlayerModel.m */; };
		F944939E1FA24423006C605F /* DFPlayerFileManager.m in Sources */ = {isa = PBXBuildFile; fileRef = F944938E1FA24423006C605F /* DFPlayerFileManager.m */; };
		F944939F1FA24423006C605F /* DFPlayerLyricsTableview.m in Sources */ = {isa = PBXBuildFile; fileRef = F94493901FA24423006C605F /* DFPlayerLyricsTableview.m */; };
		F94493A11FA24423006C605F /* DFPlayerRequestManager.m in Sources */ = {isa = PBXBuildFile; fileRef = F94493941FA24423006C605F /* DFPlayerRequestManager.m */; };
		F94493A21FA24423006C605F /* DFPlayerResourceLoader.m in Sources */ = {isa = PBXBuildFile; fileRef = F94493961FA24423006C605F /* DFPlayerResourceLoader.m */; };
		F94493A31FA24423006C605F /* DFPlayerTool.m in Sources */ = {isa = PBXBuildFile; fileRef = F94493981FA24423006C605F /* DFPlayerTool.m */; };
		F954784B1F88D07A00D85D46 /* DFPlayerViewController.m in Sources */ = {isa = PBXBuildFile; fileRef = F954784A1F88D07A00D85D46 /* DFPlayerViewController.m */; };
		F954784E1F88D15400D85D46 /* DFCacheViewController.m in Sources */ = {isa = PBXBuildFile; fileRef = F954784D1F88D15400D85D46 /* DFCacheViewController.m */; };
		F95478511F88DAB900D85D46 /* 权志龙-MISSING YOU.lrc in Resources */ = {isa = PBXBuildFile; fileRef = F95478501F88DAB900D85D46 /* 权志龙-MISSING YOU.lrc */; };
		F95478531F88DBF800D85D46 /* 王若琳-迷宫.lrc in Resources */ = {isa = PBXBuildFile; fileRef = F95478521F88DBF800D85D46 /* 王若琳-迷宫.lrc */; };
		F95478551F892DD700D85D46 /* 许嵩(Vae)-有何不可.lrc in Resources */ = {isa = PBXBuildFile; fileRef = F95478541F892DD700D85D46 /* 许嵩(Vae)-有何不可.lrc */; };
		F95BD25C1FA0982400388ED8 /* 音阙诗听-红昭愿.lrc in Resources */ = {isa = PBXBuildFile; fileRef = F95BD25B1FA0982400388ED8 /* 音阙诗听-红昭愿.lrc */; };
		F9D6E97D1F8A37C300069376 /* 徐良-321对不起.lrc in Resources */ = {isa = PBXBuildFile; fileRef = F9D6E97C1F8A37C300069376 /* 徐良-321对不起.lrc */; };
		F9FA4F5E1F9CC44C0026C284 /* 汪苏泷-追光者.lrc in Resources */ = {isa = PBXBuildFile; fileRef = F9FA4F5D1F9CC44C0026C284 /* 汪苏泷-追光者.lrc */; };
/* End PBXBuildFile section */

/* Begin PBXContainerItemProxy section */
		06B33B491F725814003A559C /* PBXContainerItemProxy */ = {
			isa = PBXContainerItemProxy;
			containerPortal = 06B33B271F725814003A559C /* Project object */;
			proxyType = 1;
			remoteGlobalIDString = 06B33B2E1F725814003A559C;
			remoteInfo = DFPlayerDemo;
		};
		06B33B541F725814003A559C /* PBXContainerItemProxy */ = {
			isa = PBXContainerItemProxy;
			containerPortal = 06B33B271F725814003A559C /* Project object */;
			proxyType = 1;
			remoteGlobalIDString = 06B33B2E1F725814003A559C;
			remoteInfo = DFPlayerDemo;
		};
/* End PBXContainerItemProxy section */

/* Begin PBXFileReference section */
		06B33B2F1F725814003A559C /* DFPlayerDemo.app */ = {isa = PBXFileReference; explicitFileType = wrapper.application; includeInIndex = 0; path = DFPlayerDemo.app; sourceTree = BUILT_PRODUCTS_DIR; };
		06B33B331F725814003A559C /* main.m */ = {isa = PBXFileReference; lastKnownFileType = sourcecode.c.objc; path = main.m; sourceTree = "<group>"; };
		06B33B3E1F725814003A559C /* Assets.xcassets */ = {isa = PBXFileReference; lastKnownFileType = folder.assetcatalog; path = Assets.xcassets; sourceTree = "<group>"; };
		06B33B411F725814003A559C /* Base */ = {isa = PBXFileReference; lastKnownFileType = file.storyboard; name = Base; path = Base.lproj/LaunchScreen.storyboard; sourceTree = "<group>"; };
		06B33B431F725814003A559C /* Info.plist */ = {isa = PBXFileReference; lastKnownFileType = text.plist.xml; path = Info.plist; sourceTree = "<group>"; };
		06B33B481F725814003A559C /* DFPlayerDemoTests.xctest */ = {isa = PBXFileReference; explicitFileType = wrapper.cfbundle; includeInIndex = 0; path = DFPlayerDemoTests.xctest; sourceTree = BUILT_PRODUCTS_DIR; };
		06B33B4C1F725814003A559C /* DFPlayerDemoTests.m */ = {isa = PBXFileReference; lastKnownFileType = sourcecode.c.objc; path = DFPlayerDemoTests.m; sourceTree = "<group>"; };
		06B33B4E1F725814003A559C /* Info.plist */ = {isa = PBXFileReference; lastKnownFileType = text.plist.xml; path = Info.plist; sourceTree = "<group>"; };
		06B33B531F725814003A559C /* DFPlayerDemoUITests.xctest */ = {isa = PBXFileReference; explicitFileType = wrapper.cfbundle; includeInIndex = 0; path = DFPlayerDemoUITests.xctest; sourceTree = BUILT_PRODUCTS_DIR; };
		06B33B571F725814003A559C /* DFPlayerDemoUITests.m */ = {isa = PBXFileReference; lastKnownFileType = sourcecode.c.objc; path = DFPlayerDemoUITests.m; sourceTree = "<group>"; };
		06B33B591F725814003A559C /* Info.plist */ = {isa = PBXFileReference; lastKnownFileType = text.plist.xml; path = Info.plist; sourceTree = "<group>"; };
		06B33B8A1F72582F003A559C /* AppDelegate.h */ = {isa = PBXFileReference; fileEncoding = 4; lastKnownFileType = sourcecode.c.h; path = AppDelegate.h; sourceTree = "<group>"; };
		06B33B8B1F72582F003A559C /* AppDelegate.m */ = {isa = PBXFileReference; fileEncoding = 4; lastKnownFileType = sourcecode.c.objc; path = AppDelegate.m; sourceTree = "<group>"; };
		06B33BA01F72582F003A559C /* AudioDataAdd.plist */ = {isa = PBXFileReference; fileEncoding = 4; lastKnownFileType = text.plist.xml; path = AudioDataAdd.plist; sourceTree = "<group>"; };
		06B33BA61F72582F003A559C /* AudioData.plist */ = {isa = PBXFileReference; fileEncoding = 4; lastKnownFileType = text.plist.xml; path = AudioData.plist; sourceTree = "<group>"; };
		06B33BAA1F72582F003A559C /* YourModel.h */ = {isa = PBXFileReference; fileEncoding = 4; lastKnownFileType = sourcecode.c.h; path = YourModel.h; sourceTree = "<group>"; };
		06B33BAB1F72582F003A559C /* YourModel.m */ = {isa = PBXFileReference; fileEncoding = 4; lastKnownFileType = sourcecode.c.objc; path = YourModel.m; sourceTree = "<group>"; };
		06E3FE901F8E07E90063577B /* 阿悄-死皮赖脸.lrc */ = {isa = PBXFileReference; lastKnownFileType = text; path = "阿悄-死皮赖脸.lrc"; sourceTree = "<group>"; };
		E0033C832238CFFD00F086EB /* NSObject+Extentions.h */ = {isa = PBXFileReference; fileEncoding = 4; lastKnownFileType = sourcecode.c.h; path = "NSObject+Extentions.h"; sourceTree = "<group>"; };
		E0033C842238CFFD00F086EB /* NSObject+Extentions.m */ = {isa = PBXFileReference; fileEncoding = 4; lastKnownFileType = sourcecode.c.objc; path = "NSObject+Extentions.m"; sourceTree = "<group>"; };
		E0033C862238D05A00F086EB /* DFPlayer_AFNetworkReachabilityManager.m */ = {isa = PBXFileReference; fileEncoding = 4; lastKnownFileType = sourcecode.c.objc; path = DFPlayer_AFNetworkReachabilityManager.m; sourceTree = "<group>"; };
		E0033C872238D05A00F086EB /* DFPlayer_AFNetworkReachabilityManager.h */ = {isa = PBXFileReference; fileEncoding = 4; lastKnownFileType = sourcecode.c.h; path = DFPlayer_AFNetworkReachabilityManager.h; sourceTree = "<group>"; };
		E00A6CF8244EE6A2005D42E2 /* dfplayer_last@3x.png */ = {isa = PBXFileReference; lastKnownFileType = image.png; path = "dfplayer_last@3x.png"; sourceTree = "<group>"; };
		E00A6CF9244EE6A2005D42E2 /* dfplayer_last@2x.png */ = {isa = PBXFileReference; lastKnownFileType = image.png; path = "dfplayer_last@2x.png"; sourceTree = "<group>"; };
		E00A6CFC244EE73B005D42E2 /* dfplayer_next@2x.png */ = {isa = PBXFileReference; lastKnownFileType = image.png; path = "dfplayer_next@2x.png"; sourceTree = "<group>"; };
		E00A6CFD244EE73B005D42E2 /* dfplayer_next@3x.png */ = {isa = PBXFileReference; lastKnownFileType = image.png; path = "dfplayer_next@3x.png"; sourceTree = "<group>"; };
		E00A6D08244EECE8005D42E2 /* dfplayer_pause@3x.png */ = {isa = PBXFileReference; lastKnownFileType = image.png; path = "dfplayer_pause@3x.png"; sourceTree = "<group>"; };
		E00A6D09244EECE8005D42E2 /* dfplayer_pause@2x.png */ = {isa = PBXFileReference; lastKnownFileType = image.png; path = "dfplayer_pause@2x.png"; sourceTree = "<group>"; };
		E00A6D0A244EECE8005D42E2 /* dfplayer_play@3x.png */ = {isa = PBXFileReference; lastKnownFileType = image.png; path = "dfplayer_play@3x.png"; sourceTree = "<group>"; };
		E00A6D0B244EECE9005D42E2 /* dfplayer_play@2x.png */ = {isa = PBXFileReference; lastKnownFileType = image.png; path = "dfplayer_play@2x.png"; sourceTree = "<group>"; };
		E00A6D1C244EF02D005D42E2 /* dfplayer_single@3x.png */ = {isa = PBXFileReference; lastKnownFileType = image.png; path = "dfplayer_single@3x.png"; sourceTree = "<group>"; };
		E00A6D1D244EF02D005D42E2 /* dfplayer_circle@3x.png */ = {isa = PBXFileReference; lastKnownFileType = image.png; path = "dfplayer_circle@3x.png"; sourceTree = "<group>"; };
		E00A6D1E244EF02D005D42E2 /* dfplayer_single@2x.png */ = {isa = PBXFileReference; lastKnownFileType = image.png; path = "dfplayer_single@2x.png"; sourceTree = "<group>"; };
		E00A6D1F244EF02D005D42E2 /* dfplayer_circle@2x.png */ = {isa = PBXFileReference; lastKnownFileType = image.png; path = "dfplayer_circle@2x.png"; sourceTree = "<group>"; };
		E00A6D20244EF02E005D42E2 /* dfplayer_shuffle@3x.png */ = {isa = PBXFileReference; lastKnownFileType = image.png; path = "dfplayer_shuffle@3x.png"; sourceTree = "<group>"; };
		E03C789523824C0700C31BB6 /* 梦涵-17岁.lrc */ = {isa = PBXFileReference; lastKnownFileType = text; path = "梦涵-17岁.lrc"; sourceTree = "<group>"; };
		E052269E23924CA300819BB6 /* 陈芳语-爱你.lrc */ = {isa = PBXFileReference; lastKnownFileType = text; path = "陈芳语-爱你.lrc"; sourceTree = "<group>"; };
		E05226A02392555300819BB6 /* 莫文蔚-慢慢喜欢你.lrc */ = {isa = PBXFileReference; lastKnownFileType = text; path = "莫文蔚-慢慢喜欢你.lrc"; sourceTree = "<group>"; };
		E05226A22392610C00819BB6 /* G2er-还有我.lrc */ = {isa = PBXFileReference; lastKnownFileType = text; path = "G2er-还有我.lrc"; sourceTree = "<group>"; };
		E05226A4239268D500819BB6 /* 苏琛-拾忆.lrc */ = {isa = PBXFileReference; lastKnownFileType = text; path = "苏琛-拾忆.lrc"; sourceTree = "<group>"; };
		E05226A6239271E800819BB6 /* en-嚣张.lrc */ = {isa = PBXFileReference; lastKnownFileType = text; path = "en-嚣张.lrc"; sourceTree = "<group>"; };
		E05226A82392778500819BB6 /* 九块钱-颓.lrc */ = {isa = PBXFileReference; lastKnownFileType = text; path = "九块钱-颓.lrc"; sourceTree = "<group>"; };
		E0F683BE23A3CD210071A285 /* default_bg.jpg */ = {isa = PBXFileReference; lastKnownFileType = image.jpeg; path = default_bg.jpg; sourceTree = "<group>"; };
		F9037BF51FB482320002F98C /* ihoudf-dfplayer.lrc */ = {isa = PBXFileReference; lastKnownFileType = text; path = "ihoudf-dfplayer.lrc"; sourceTree = "<group>"; };
		F944936A1FA1CD6C006C605F /* 陈冠希-战争.mp3 */ = {isa = PBXFileReference; lastKnownFileType = audio.mp3; path = "陈冠希-战争.mp3"; sourceTree = "<group>"; };
		F94493701FA1D7C3006C605F /* 911-I Do.mp3 */ = {isa = PBXFileReference; lastKnownFileType = audio.mp3; path = "911-I Do.mp3"; sourceTree = "<group>"; };
		F94493781FA1DA29006C605F /* Frankmusik-Wrecking Ball.mp3 */ = {isa = PBXFileReference; lastKnownFileType = audio.mp3; path = "Frankmusik-Wrecking Ball.mp3"; sourceTree = "<group>"; };
		F944937A1FA1DC0F006C605F /* Flo Rida-Can't Believe It.mp3 */ = {isa = PBXFileReference; lastKnownFileType = audio.mp3; path = "Flo Rida-Can't Believe It.mp3"; sourceTree = "<group>"; };
		F94493831FA24423006C605F /* DFPlayer.bundle */ = {isa = PBXFileReference; lastKnownFileType = "wrapper.plug-in"; path = DFPlayer.bundle; sourceTree = "<group>"; };
		F94493841FA24423006C605F /* DFPlayer.h */ = {isa = PBXFileReference; fileEncoding = 4; lastKnownFileType = sourcecode.c.h; path = DFPlayer.h; sourceTree = "<group>"; };
		F94493851FA24423006C605F /* DFPlayer.m */ = {isa = PBXFileReference; fileEncoding = 4; lastKnownFileType = sourcecode.c.objc; path = DFPlayer.m; sourceTree = "<group>"; };
		F94493861FA24423006C605F /* DFPlayerControlManager.h */ = {isa = PBXFileReference; fileEncoding = 4; lastKnownFileType = sourcecode.c.h; path = DFPlayerControlManager.h; sourceTree = "<group>"; };
		F94493871FA24423006C605F /* DFPlayerControlManager.m */ = {isa = PBXFileReference; fileEncoding = 4; lastKnownFileType = sourcecode.c.objc; path = DFPlayerControlManager.m; sourceTree = "<group>"; };
		F94493881FA24423006C605F /* DFPlayerModel.h */ = {isa = PBXFileReference; fileEncoding = 4; lastKnownFileType = sourcecode.c.h; path = DFPlayerModel.h; sourceTree = "<group>"; };
		F94493891FA24423006C605F /* DFPlayerModel.m */ = {isa = PBXFileReference; fileEncoding = 4; lastKnownFileType = sourcecode.c.objc; path = DFPlayerModel.m; sourceTree = "<group>"; };
		F944938D1FA24423006C605F /* DFPlayerFileManager.h */ = {isa = PBXFileReference; fileEncoding = 4; lastKnownFileType = sourcecode.c.h; path = DFPlayerFileManager.h; sourceTree = "<group>"; };
		F944938E1FA24423006C605F /* DFPlayerFileManager.m */ = {isa = PBXFileReference; fileEncoding = 4; lastKnownFileType = sourcecode.c.objc; path = DFPlayerFileManager.m; sourceTree = "<group>"; };
		F944938F1FA24423006C605F /* DFPlayerLyricsTableview.h */ = {isa = PBXFileReference; fileEncoding = 4; lastKnownFileType = sourcecode.c.h; path = DFPlayerLyricsTableview.h; sourceTree = "<group>"; };
		F94493901FA24423006C605F /* DFPlayerLyricsTableview.m */ = {isa = PBXFileReference; fileEncoding = 4; lastKnownFileType = sourcecode.c.objc; path = DFPlayerLyricsTableview.m; sourceTree = "<group>"; };
		F94493931FA24423006C605F /* DFPlayerRequestManager.h */ = {isa = PBXFileReference; fileEncoding = 4; lastKnownFileType = sourcecode.c.h; path = DFPlayerRequestManager.h; sourceTree = "<group>"; };
		F94493941FA24423006C605F /* DFPlayerRequestManager.m */ = {isa = PBXFileReference; fileEncoding = 4; lastKnownFileType = sourcecode.c.objc; path = DFPlayerRequestManager.m; sourceTree = "<group>"; };
		F94493951FA24423006C605F /* DFPlayerResourceLoader.h */ = {isa = PBXFileReference; fileEncoding = 4; lastKnownFileType = sourcecode.c.h; path = DFPlayerResourceLoader.h; sourceTree = "<group>"; };
		F94493961FA24423006C605F /* DFPlayerResourceLoader.m */ = {isa = PBXFileReference; fileEncoding = 4; lastKnownFileType = sourcecode.c.objc; path = DFPlayerResourceLoader.m; sourceTree = "<group>"; };
		F94493971FA24423006C605F /* DFPlayerTool.h */ = {isa = PBXFileReference; fileEncoding = 4; lastKnownFileType = sourcecode.c.h; path = DFPlayerTool.h; sourceTree = "<group>"; };
		F94493981FA24423006C605F /* DFPlayerTool.m */ = {isa = PBXFileReference; fileEncoding = 4; lastKnownFileType = sourcecode.c.objc; path = DFPlayerTool.m; sourceTree = "<group>"; };
		F95478491F88D07A00D85D46 /* DFPlayerViewController.h */ = {isa = PBXFileReference; lastKnownFileType = sourcecode.c.h; path = DFPlayerViewController.h; sourceTree = "<group>"; };
		F954784A1F88D07A00D85D46 /* DFPlayerViewController.m */ = {isa = PBXFileReference; lastKnownFileType = sourcecode.c.objc; path = DFPlayerViewController.m; sourceTree = "<group>"; };
		F954784C1F88D15400D85D46 /* DFCacheViewController.h */ = {isa = PBXFileReference; lastKnownFileType = sourcecode.c.h; path = DFCacheViewController.h; sourceTree = "<group>"; };
		F954784D1F88D15400D85D46 /* DFCacheViewController.m */ = {isa = PBXFileReference; lastKnownFileType = sourcecode.c.objc; path = DFCacheViewController.m; sourceTree = "<group>"; };
		F95478501F88DAB900D85D46 /* 权志龙-MISSING YOU.lrc */ = {isa = PBXFileReference; lastKnownFileType = text; path = "权志龙-MISSING YOU.lrc"; sourceTree = "<group>"; };
		F95478521F88DBF800D85D46 /* 王若琳-迷宫.lrc */ = {isa = PBXFileReference; lastKnownFileType = text; path = "王若琳-迷宫.lrc"; sourceTree = "<group>"; };
		F95478541F892DD700D85D46 /* 许嵩(Vae)-有何不可.lrc */ = {isa = PBXFileReference; lastKnownFileType = text; path = "许嵩(Vae)-有何不可.lrc"; sourceTree = "<group>"; };
		F95BD25B1FA0982400388ED8 /* 音阙诗听-红昭愿.lrc */ = {isa = PBXFileReference; lastKnownFileType = text; path = "音阙诗听-红昭愿.lrc"; sourceTree = "<group>"; };
		F9D6E97C1F8A37C300069376 /* 徐良-321对不起.lrc */ = {isa = PBXFileReference; lastKnownFileType = text; path = "徐良-321对不起.lrc"; sourceTree = "<group>"; };
		F9FA4F5D1F9CC44C0026C284 /* 汪苏泷-追光者.lrc */ = {isa = PBXFileReference; lastKnownFileType = text; path = "汪苏泷-追光者.lrc"; sourceTree = "<group>"; };
/* End PBXFileReference section */

/* Begin PBXFrameworksBuildPhase section */
		06B33B2C1F725814003A559C /* Frameworks */ = {
			isa = PBXFrameworksBuildPhase;
			buildActionMask = 2147483647;
			files = (
			);
			runOnlyForDeploymentPostprocessing = 0;
		};
		06B33B451F725814003A559C /* Frameworks */ = {
			isa = PBXFrameworksBuildPhase;
			buildActionMask = 2147483647;
			files = (
			);
			runOnlyForDeploymentPostprocessing = 0;
		};
		06B33B501F725814003A559C /* Frameworks */ = {
			isa = PBXFrameworksBuildPhase;
			buildActionMask = 2147483647;
			files = (
			);
			runOnlyForDeploymentPostprocessing = 0;
		};
/* End PBXFrameworksBuildPhase section */

/* Begin PBXGroup section */
		06B33B261F725814003A559C = {
			isa = PBXGroup;
			children = (
				06B33B311F725814003A559C /* DFPlayerDemo */,
				06B33B4B1F725814003A559C /* DFPlayerDemoTests */,
				06B33B561F725814003A559C /* DFPlayerDemoUITests */,
				06B33B301F725814003A559C /* Products */,
			);
			sourceTree = "<group>";
		};
		06B33B301F725814003A559C /* Products */ = {
			isa = PBXGroup;
			children = (
				06B33B2F1F725814003A559C /* DFPlayerDemo.app */,
				06B33B481F725814003A559C /* DFPlayerDemoTests.xctest */,
				06B33B531F725814003A559C /* DFPlayerDemoUITests.xctest */,
			);
			name = Products;
			sourceTree = "<group>";
		};
		06B33B311F725814003A559C /* DFPlayerDemo */ = {
			isa = PBXGroup;
			children = (
				06B33B891F72582F003A559C /* Src */,
				F94493821FA24423006C605F /* DFPlayer */,
				06B33B3E1F725814003A559C /* Assets.xcassets */,
				06B33B401F725814003A559C /* LaunchScreen.storyboard */,
				06B33B321F725814003A559C /* Supporting Files */,
			);
			path = DFPlayerDemo;
			sourceTree = "<group>";
		};
		06B33B321F725814003A559C /* Supporting Files */ = {
			isa = PBXGroup;
			children = (
				06B33B431F725814003A559C /* Info.plist */,
				06B33B331F725814003A559C /* main.m */,
			);
			name = "Supporting Files";
			sourceTree = "<group>";
		};
		06B33B4B1F725814003A559C /* DFPlayerDemoTests */ = {
			isa = PBXGroup;
			children = (
				06B33B4C1F725814003A559C /* DFPlayerDemoTests.m */,
				06B33B4E1F725814003A559C /* Info.plist */,
			);
			path = DFPlayerDemoTests;
			sourceTree = "<group>";
		};
		06B33B561F725814003A559C /* DFPlayerDemoUITests */ = {
			isa = PBXGroup;
			children = (
				06B33B571F725814003A559C /* DFPlayerDemoUITests.m */,
				06B33B591F725814003A559C /* Info.plist */,
			);
			path = DFPlayerDemoUITests;
			sourceTree = "<group>";
		};
		06B33B891F72582F003A559C /* Src */ = {
			isa = PBXGroup;
			children = (
				06B33B8A1F72582F003A559C /* AppDelegate.h */,
				06B33B8B1F72582F003A559C /* AppDelegate.m */,
				F95478491F88D07A00D85D46 /* DFPlayerViewController.h */,
				F954784A1F88D07A00D85D46 /* DFPlayerViewController.m */,
				F954784C1F88D15400D85D46 /* DFCacheViewController.h */,
				F954784D1F88D15400D85D46 /* DFCacheViewController.m */,
				06B33B921F72582F003A559C /* other */,
			);
			path = Src;
			sourceTree = "<group>";
		};
		06B33B921F72582F003A559C /* other */ = {
			isa = PBXGroup;
			children = (
				06B33B9F1F72582F003A559C /* Resource */,
				E0033C832238CFFD00F086EB /* NSObject+Extentions.h */,
				E0033C842238CFFD00F086EB /* NSObject+Extentions.m */,
				06B33BAA1F72582F003A559C /* YourModel.h */,
				06B33BAB1F72582F003A559C /* YourModel.m */,
			);
			path = other;
			sourceTree = "<group>";
		};
		06B33B9F1F72582F003A559C /* Resource */ = {
			isa = PBXGroup;
			children = (
				F95478431F88CE6C00D85D46 /* Audio */,
				06B33BA61F72582F003A559C /* AudioData.plist */,
				06B33BA01F72582F003A559C /* AudioDataAdd.plist */,
				E0F683BE23A3CD210071A285 /* default_bg.jpg */,
				E00A6CF7244EE68E005D42E2 /* Image */,
				F95478451F88CE7300D85D46 /* LRC */,
			);
			path = Resource;
			sourceTree = "<group>";
		};
		E00A6CF7244EE68E005D42E2 /* Image */ = {
			isa = PBXGroup;
			children = (
				E00A6D1F244EF02D005D42E2 /* dfplayer_circle@2x.png */,
				E00A6D1D244EF02D005D42E2 /* dfplayer_circle@3x.png */,
				E00A6D20244EF02E005D42E2 /* dfplayer_shuffle@3x.png */,
				E00A6D1E244EF02D005D42E2 /* dfplayer_single@2x.png */,
				E00A6D1C244EF02D005D42E2 /* dfplayer_single@3x.png */,
				E00A6D09244EECE8005D42E2 /* dfplayer_pause@2x.png */,
				E00A6D08244EECE8005D42E2 /* dfplayer_pause@3x.png */,
				E00A6D0B244EECE9005D42E2 /* dfplayer_play@2x.png */,
				E00A6D0A244EECE8005D42E2 /* dfplayer_play@3x.png */,
				E00A6CFC244EE73B005D42E2 /* dfplayer_next@2x.png */,
				E00A6CFD244EE73B005D42E2 /* dfplayer_next@3x.png */,
				E00A6CF9244EE6A2005D42E2 /* dfplayer_last@2x.png */,
				E00A6CF8244EE6A2005D42E2 /* dfplayer_last@3x.png */,
			);
			name = Image;
			sourceTree = "<group>";
		};
		F94493821FA24423006C605F /* DFPlayer */ = {
			isa = PBXGroup;
			children = (
				F94493831FA24423006C605F /* DFPlayer.bundle */,
				F94493841FA24423006C605F /* DFPlayer.h */,
				F94493851FA24423006C605F /* DFPlayer.m */,
				F94493861FA24423006C605F /* DFPlayerControlManager.h */,
				F94493871FA24423006C605F /* DFPlayerControlManager.m */,
				F94493881FA24423006C605F /* DFPlayerModel.h */,
				F94493891FA24423006C605F /* DFPlayerModel.m */,
				F944938A1FA24423006C605F /* supplement */,
			);
			path = DFPlayer;
			sourceTree = SOURCE_ROOT;
		};
		F944938A1FA24423006C605F /* supplement */ = {
			isa = PBXGroup;
			children = (
				E0033C872238D05A00F086EB /* DFPlayer_AFNetworkReachabilityManager.h */,
				E0033C862238D05A00F086EB /* DFPlayer_AFNetworkReachabilityManager.m */,
				F944938D1FA24423006C605F /* DFPlayerFileManager.h */,
				F944938E1FA24423006C605F /* DFPlayerFileManager.m */,
				F944938F1FA24423006C605F /* DFPlayerLyricsTableview.h */,
				F94493901FA24423006C605F /* DFPlayerLyricsTableview.m */,
				F94493931FA24423006C605F /* DFPlayerRequestManager.h */,
				F94493941FA24423006C605F /* DFPlayerRequestManager.m */,
				F94493951FA24423006C605F /* DFPlayerResourceLoader.h */,
				F94493961FA24423006C605F /* DFPlayerResourceLoader.m */,
				F94493971FA24423006C605F /* DFPlayerTool.h */,
				F94493981FA24423006C605F /* DFPlayerTool.m */,
			);
			path = supplement;
			sourceTree = "<group>";
		};
		F95478431F88CE6C00D85D46 /* Audio */ = {
			isa = PBXGroup;
			children = (
				F944937A1FA1DC0F006C605F /* Flo Rida-Can't Believe It.mp3 */,
				F94493781FA1DA29006C605F /* Frankmusik-Wrecking Ball.mp3 */,
				F94493701FA1D7C3006C605F /* 911-I Do.mp3 */,
				F944936A1FA1CD6C006C605F /* 陈冠希-战争.mp3 */,
			);
			path = Audio;
			sourceTree = "<group>";
		};
		F95478451F88CE7300D85D46 /* LRC */ = {
			isa = PBXGroup;
			children = (
				06E3FE901F8E07E90063577B /* 阿悄-死皮赖脸.lrc */,
				E052269E23924CA300819BB6 /* 陈芳语-爱你.lrc */,
				E05226A82392778500819BB6 /* 九块钱-颓.lrc */,
				E03C789523824C0700C31BB6 /* 梦涵-17岁.lrc */,
				E05226A02392555300819BB6 /* 莫文蔚-慢慢喜欢你.lrc */,
				F95478501F88DAB900D85D46 /* 权志龙-MISSING YOU.lrc */,
				E05226A4239268D500819BB6 /* 苏琛-拾忆.lrc */,
				F9FA4F5D1F9CC44C0026C284 /* 汪苏泷-追光者.lrc */,
				F95478521F88DBF800D85D46 /* 王若琳-迷宫.lrc */,
				F9D6E97C1F8A37C300069376 /* 徐良-321对不起.lrc */,
				F95478541F892DD700D85D46 /* 许嵩(Vae)-有何不可.lrc */,
				F95BD25B1FA0982400388ED8 /* 音阙诗听-红昭愿.lrc */,
				E05226A6239271E800819BB6 /* en-嚣张.lrc */,
				E05226A22392610C00819BB6 /* G2er-还有我.lrc */,
				F9037BF51FB482320002F98C /* ihoudf-dfplayer.lrc */,
			);
			path = LRC;
			sourceTree = "<group>";
		};
/* End PBXGroup section */

/* Begin PBXNativeTarget section */
		06B33B2E1F725814003A559C /* DFPlayerDemo */ = {
			isa = PBXNativeTarget;
			buildConfigurationList = 06B33B5C1F725814003A559C /* Build configuration list for PBXNativeTarget "DFPlayerDemo" */;
			buildPhases = (
				06B33B2B1F725814003A559C /* Sources */,
				06B33B2C1F725814003A559C /* Frameworks */,
				06B33B2D1F725814003A559C /* Resources */,
			);
			buildRules = (
			);
			dependencies = (
			);
			name = DFPlayerDemo;
			productName = DFPlayerDemo;
			productReference = 06B33B2F1F725814003A559C /* DFPlayerDemo.app */;
			productType = "com.apple.product-type.application";
		};
		06B33B471F725814003A559C /* DFPlayerDemoTests */ = {
			isa = PBXNativeTarget;
			buildConfigurationList = 06B33B5F1F725814003A559C /* Build configuration list for PBXNativeTarget "DFPlayerDemoTests" */;
			buildPhases = (
				06B33B441F725814003A559C /* Sources */,
				06B33B451F725814003A559C /* Frameworks */,
				06B33B461F725814003A559C /* Resources */,
			);
			buildRules = (
			);
			dependencies = (
				06B33B4A1F725814003A559C /* PBXTargetDependency */,
			);
			name = DFPlayerDemoTests;
			productName = DFPlayerDemoTests;
			productReference = 06B33B481F725814003A559C /* DFPlayerDemoTests.xctest */;
			productType = "com.apple.product-type.bundle.unit-test";
		};
		06B33B521F725814003A559C /* DFPlayerDemoUITests */ = {
			isa = PBXNativeTarget;
			buildConfigurationList = 06B33B621F725814003A559C /* Build configuration list for PBXNativeTarget "DFPlayerDemoUITests" */;
			buildPhases = (
				06B33B4F1F725814003A559C /* Sources */,
				06B33B501F725814003A559C /* Frameworks */,
				06B33B511F725814003A559C /* Resources */,
			);
			buildRules = (
			);
			dependencies = (
				06B33B551F725814003A559C /* PBXTargetDependency */,
			);
			name = DFPlayerDemoUITests;
			productName = DFPlayerDemoUITests;
			productReference = 06B33B531F725814003A559C /* DFPlayerDemoUITests.xctest */;
			productType = "com.apple.product-type.bundle.ui-testing";
		};
/* End PBXNativeTarget section */

/* Begin PBXProject section */
		06B33B271F725814003A559C /* Project object */ = {
			isa = PBXProject;
			attributes = {
				LastUpgradeCheck = 1010;
				ORGANIZATIONNAME = HDF;
				TargetAttributes = {
					06B33B2E1F725814003A559C = {
						CreatedOnToolsVersion = 8.3.3;
						DevelopmentTeam = 3YCJES5329;
						ProvisioningStyle = Automatic;
						SystemCapabilities = {
							com.apple.BackgroundModes = {
								enabled = 1;
							};
						};
					};
					06B33B471F725814003A559C = {
						CreatedOnToolsVersion = 8.3.3;
						ProvisioningStyle = Automatic;
						TestTargetID = 06B33B2E1F725814003A559C;
					};
					06B33B521F725814003A559C = {
						CreatedOnToolsVersion = 8.3.3;
						ProvisioningStyle = Automatic;
						TestTargetID = 06B33B2E1F725814003A559C;
					};
				};
			};
			buildConfigurationList = 06B33B2A1F725814003A559C /* Build configuration list for PBXProject "DFPlayerDemo" */;
			compatibilityVersion = "Xcode 3.2";
			developmentRegion = en;
			hasScannedForEncodings = 0;
			knownRegions = (
				en,
				Base,
			);
			mainGroup = 06B33B261F725814003A559C;
			productRefGroup = 06B33B301F725814003A559C /* Products */;
			projectDirPath = "";
			projectRoot = "";
			targets = (
				06B33B2E1F725814003A559C /* DFPlayerDemo */,
				06B33B471F725814003A559C /* DFPlayerDemoTests */,
				06B33B521F725814003A559C /* DFPlayerDemoUITests */,
			);
		};
/* End PBXProject section */

/* Begin PBXResourcesBuildPhase section */
		06B33B2D1F725814003A559C /* Resources */ = {
			isa = PBXResourcesBuildPhase;
			buildActionMask = 2147483647;
			files = (
				E05226A32392610C00819BB6 /* G2er-还有我.lrc in Resources */,
				06E3FE911F8E07E90063577B /* 阿悄-死皮赖脸.lrc in Resources */,
				F94493991FA24423006C605F /* DFPlayer.bundle in Resources */,
				F9FA4F5E1F9CC44C0026C284 /* 汪苏泷-追光者.lrc in Resources */,
				E00A6D25244EF02E005D42E2 /* dfplayer_shuffle@3x.png in Resources */,
				E00A6CFF244EE73B005D42E2 /* dfplayer_next@3x.png in Resources */,
				E00A6D24244EF02E005D42E2 /* dfplayer_circle@2x.png in Resources */,
				F94493711FA1D7C3006C605F /* 911-I Do.mp3 in Resources */,
				06B33B421F725814003A559C /* LaunchScreen.storyboard in Resources */,
				E00A6CFE244EE73B005D42E2 /* dfplayer_next@2x.png in Resources */,
				06B33BBA1F725830003A559C /* AudioData.plist in Resources */,
				F95478531F88DBF800D85D46 /* 王若琳-迷宫.lrc in Resources */,
				F95478511F88DAB900D85D46 /* 权志龙-MISSING YOU.lrc in Resources */,
				06B33B3F1F725814003A559C /* Assets.xcassets in Resources */,
				E00A6CFA244EE6A2005D42E2 /* dfplayer_last@3x.png in Resources */,
				E00A6CFB244EE6A2005D42E2 /* dfplayer_last@2x.png in Resources */,
				F944937B1FA1DC0F006C605F /* Flo Rida-Can't Believe It.mp3 in Resources */,
				06B33BB41F725830003A559C /* AudioDataAdd.plist in Resources */,
				E05226A12392555300819BB6 /* 莫文蔚-慢慢喜欢你.lrc in Resources */,
				F95478551F892DD700D85D46 /* 许嵩(Vae)-有何不可.lrc in Resources */,
				E00A6D0F244EECE9005D42E2 /* dfplayer_play@2x.png in Resources */,
				F9037BF61FB482320002F98C /* ihoudf-dfplayer.lrc in Resources */,
				E00A6D22244EF02E005D42E2 /* dfplayer_circle@3x.png in Resources */,
				E05226A7239271E800819BB6 /* en-嚣张.lrc in Resources */,
				F944936B1FA1CD6D006C605F /* 陈冠希-战争.mp3 in Resources */,
				E052269F23924CA300819BB6 /* 陈芳语-爱你.lrc in Resources */,
				F95BD25C1FA0982400388ED8 /* 音阙诗听-红昭愿.lrc in Resources */,
				F9D6E97D1F8A37C300069376 /* 徐良-321对不起.lrc in Resources */,
				E03C789623824C0700C31BB6 /* 梦涵-17岁.lrc in Resources */,
				E00A6D23244EF02E005D42E2 /* dfplayer_single@2x.png in Resources */,
				E00A6D0C244EECE9005D42E2 /* dfplayer_pause@3x.png in Resources */,
				E0F683BF23A3CD210071A285 /* default_bg.jpg in Resources */,
				E00A6D21244EF02E005D42E2 /* dfplayer_single@3x.png in Resources */,
				E05226A92392778500819BB6 /* 九块钱-颓.lrc in Resources */,
				F94493791FA1DA29006C605F /* Frankmusik-Wrecking Ball.mp3 in Resources */,
				E00A6D0D244EECE9005D42E2 /* dfplayer_pause@2x.png in Resources */,
				E00A6D0E244EECE9005D42E2 /* dfplayer_play@3x.png in Resources */,
				E05226A5239268D500819BB6 /* 苏琛-拾忆.lrc in Resources */,
			);
			runOnlyForDeploymentPostprocessing = 0;
		};
		06B33B461F725814003A559C /* Resources */ = {
			isa = PBXResourcesBuildPhase;
			buildActionMask = 2147483647;
			files = (
			);
			runOnlyForDeploymentPostprocessing = 0;
		};
		06B33B511F725814003A559C /* Resources */ = {
			isa = PBXResourcesBuildPhase;
			buildActionMask = 2147483647;
			files = (
			);
			runOnlyForDeploymentPostprocessing = 0;
		};
/* End PBXResourcesBuildPhase section */

/* Begin PBXSourcesBuildPhase section */
		06B33B2B1F725814003A559C /* Sources */ = {
			isa = PBXSourcesBuildPhase;
			buildActionMask = 2147483647;
			files = (
				E0033C882238D05B00F086EB /* DFPlayer_AFNetworkReachabilityManager.m in Sources */,
				06B33BBE1F725830003A559C /* YourModel.m in Sources */,
				06B33B341F725814003A559C /* main.m in Sources */,
				06B33BAC1F72582F003A559C /* AppDelegate.m in Sources */,
				E0033C852238CFFD00F086EB /* NSObject+Extentions.m in Sources */,
				F944939C1FA24423006C605F /* DFPlayerModel.m in Sources */,
				F944939F1FA24423006C605F /* DFPlayerLyricsTableview.m in Sources */,
				F944939B1FA24423006C605F /* DFPlayerControlManager.m in Sources */,
				F944939E1FA24423006C605F /* DFPlayerFileManager.m in Sources */,
				F94493A21FA24423006C605F /* DFPlayerResourceLoader.m in Sources */,
				F944939A1FA24423006C605F /* DFPlayer.m in Sources */,
				F94493A11FA24423006C605F /* DFPlayerRequestManager.m in Sources */,
				F954784B1F88D07A00D85D46 /* DFPlayerViewController.m in Sources */,
				F94493A31FA24423006C605F /* DFPlayerTool.m in Sources */,
				F954784E1F88D15400D85D46 /* DFCacheViewController.m in Sources */,
			);
			runOnlyForDeploymentPostprocessing = 0;
		};
		06B33B441F725814003A559C /* Sources */ = {
			isa = PBXSourcesBuildPhase;
			buildActionMask = 2147483647;
			files = (
				06B33B4D1F725814003A559C /* DFPlayerDemoTests.m in Sources */,
			);
			runOnlyForDeploymentPostprocessing = 0;
		};
		06B33B4F1F725814003A559C /* Sources */ = {
			isa = PBXSourcesBuildPhase;
			buildActionMask = 2147483647;
			files = (
				06B33B581F725814003A559C /* DFPlayerDemoUITests.m in Sources */,
			);
			runOnlyForDeploymentPostprocessing = 0;
		};
/* End PBXSourcesBuildPhase section */

/* Begin PBXTargetDependency section */
		06B33B4A1F725814003A559C /* PBXTargetDependency */ = {
			isa = PBXTargetDependency;
			target = 06B33B2E1F725814003A559C /* DFPlayerDemo */;
			targetProxy = 06B33B491F725814003A559C /* PBXContainerItemProxy */;
		};
		06B33B551F725814003A559C /* PBXTargetDependency */ = {
			isa = PBXTargetDependency;
			target = 06B33B2E1F725814003A559C /* DFPlayerDemo */;
			targetProxy = 06B33B541F725814003A559C /* PBXContainerItemProxy */;
		};
/* End PBXTargetDependency section */

/* Begin PBXVariantGroup section */
		06B33B401F725814003A559C /* LaunchScreen.storyboard */ = {
			isa = PBXVariantGroup;
			children = (
				06B33B411F725814003A559C /* Base */,
			);
			name = LaunchScreen.storyboard;
			sourceTree = "<group>";
		};
/* End PBXVariantGroup section */

/* Begin XCBuildConfiguration section */
		06B33B5A1F725814003A559C /* Debug */ = {
			isa = XCBuildConfiguration;
			buildSettings = {
				ALWAYS_SEARCH_USER_PATHS = NO;
				CLANG_ANALYZER_NONNULL = YES;
				CLANG_ANALYZER_NUMBER_OBJECT_CONVERSION = YES_AGGRESSIVE;
				CLANG_CXX_LANGUAGE_STANDARD = "gnu++0x";
				CLANG_CXX_LIBRARY = "libc++";
				CLANG_ENABLE_MODULES = YES;
				CLANG_ENABLE_OBJC_ARC = YES;
				CLANG_WARN_BLOCK_CAPTURE_AUTORELEASING = YES;
				CLANG_WARN_BOOL_CONVERSION = YES;
				CLANG_WARN_COMMA = YES;
				CLANG_WARN_CONSTANT_CONVERSION = YES;
				CLANG_WARN_DEPRECATED_OBJC_IMPLEMENTATIONS = YES;
				CLANG_WARN_DIRECT_OBJC_ISA_USAGE = YES_ERROR;
				CLANG_WARN_DOCUMENTATION_COMMENTS = YES;
				CLANG_WARN_EMPTY_BODY = YES;
				CLANG_WARN_ENUM_CONVERSION = YES;
				CLANG_WARN_INFINITE_RECURSION = YES;
				CLANG_WARN_INT_CONVERSION = YES;
				CLANG_WARN_NON_LITERAL_NULL_CONVERSION = YES;
				CLANG_WARN_OBJC_IMPLICIT_RETAIN_SELF = YES;
				CLANG_WARN_OBJC_LITERAL_CONVERSION = YES;
				CLANG_WARN_OBJC_ROOT_CLASS = YES_ERROR;
				CLANG_WARN_RANGE_LOOP_ANALYSIS = YES;
				CLANG_WARN_STRICT_PROTOTYPES = YES;
				CLANG_WARN_SUSPICIOUS_MOVE = YES;
				CLANG_WARN_UNREACHABLE_CODE = YES;
				CLANG_WARN__DUPLICATE_METHOD_MATCH = YES;
				"CODE_SIGN_IDENTITY[sdk=iphoneos*]" = "iPhone Developer";
				COPY_PHASE_STRIP = NO;
				DEBUG_INFORMATION_FORMAT = dwarf;
				ENABLE_STRICT_OBJC_MSGSEND = YES;
				ENABLE_TESTABILITY = YES;
				GCC_C_LANGUAGE_STANDARD = gnu99;
				GCC_DYNAMIC_NO_PIC = NO;
				GCC_NO_COMMON_BLOCKS = YES;
				GCC_OPTIMIZATION_LEVEL = 0;
				GCC_PREPROCESSOR_DEFINITIONS = (
					"DEBUG=1",
					"$(inherited)",
				);
				GCC_WARN_64_TO_32_BIT_CONVERSION = YES;
				GCC_WARN_ABOUT_RETURN_TYPE = YES_ERROR;
				GCC_WARN_UNDECLARED_SELECTOR = YES;
				GCC_WARN_UNINITIALIZED_AUTOS = YES_AGGRESSIVE;
				GCC_WARN_UNUSED_FUNCTION = YES;
				GCC_WARN_UNUSED_VARIABLE = YES;
				IPHONEOS_DEPLOYMENT_TARGET = 8.0;
				MTL_ENABLE_DEBUG_INFO = YES;
				ONLY_ACTIVE_ARCH = YES;
				SDKROOT = iphoneos;
				TARGETED_DEVICE_FAMILY = "1,2";
			};
			name = Debug;
		};
		06B33B5B1F725814003A559C /* Release */ = {
			isa = XCBuildConfiguration;
			buildSettings = {
				ALWAYS_SEARCH_USER_PATHS = NO;
				CLANG_ANALYZER_NONNULL = YES;
				CLANG_ANALYZER_NUMBER_OBJECT_CONVERSION = YES_AGGRESSIVE;
				CLANG_CXX_LANGUAGE_STANDARD = "gnu++0x";
				CLANG_CXX_LIBRARY = "libc++";
				CLANG_ENABLE_MODULES = YES;
				CLANG_ENABLE_OBJC_ARC = YES;
				CLANG_WARN_BLOCK_CAPTURE_AUTORELEASING = YES;
				CLANG_WARN_BOOL_CONVERSION = YES;
				CLANG_WARN_COMMA = YES;
				CLANG_WARN_CONSTANT_CONVERSION = YES;
				CLANG_WARN_DEPRECATED_OBJC_IMPLEMENTATIONS = YES;
				CLANG_WARN_DIRECT_OBJC_ISA_USAGE = YES_ERROR;
				CLANG_WARN_DOCUMENTATION_COMMENTS = YES;
				CLANG_WARN_EMPTY_BODY = YES;
				CLANG_WARN_ENUM_CONVERSION = YES;
				CLANG_WARN_INFINITE_RECURSION = YES;
				CLANG_WARN_INT_CONVERSION = YES;
				CLANG_WARN_NON_LITERAL_NULL_CONVERSION = YES;
				CLANG_WARN_OBJC_IMPLICIT_RETAIN_SELF = YES;
				CLANG_WARN_OBJC_LITERAL_CONVERSION = YES;
				CLANG_WARN_OBJC_ROOT_CLASS = YES_ERROR;
				CLANG_WARN_RANGE_LOOP_ANALYSIS = YES;
				CLANG_WARN_STRICT_PROTOTYPES = YES;
				CLANG_WARN_SUSPICIOUS_MOVE = YES;
				CLANG_WARN_UNREACHABLE_CODE = YES;
				CLANG_WARN__DUPLICATE_METHOD_MATCH = YES;
				"CODE_SIGN_IDENTITY[sdk=iphoneos*]" = "iPhone Developer";
				COPY_PHASE_STRIP = NO;
				DEBUG_INFORMATION_FORMAT = "dwarf-with-dsym";
				ENABLE_NS_ASSERTIONS = NO;
				ENABLE_STRICT_OBJC_MSGSEND = YES;
				GCC_C_LANGUAGE_STANDARD = gnu99;
				GCC_NO_COMMON_BLOCKS = YES;
				GCC_WARN_64_TO_32_BIT_CONVERSION = YES;
				GCC_WARN_ABOUT_RETURN_TYPE = YES_ERROR;
				GCC_WARN_UNDECLARED_SELECTOR = YES;
				GCC_WARN_UNINITIALIZED_AUTOS = YES_AGGRESSIVE;
				GCC_WARN_UNUSED_FUNCTION = YES;
				GCC_WARN_UNUSED_VARIABLE = YES;
				IPHONEOS_DEPLOYMENT_TARGET = 8.0;
				MTL_ENABLE_DEBUG_INFO = NO;
				SDKROOT = iphoneos;
				TARGETED_DEVICE_FAMILY = "1,2";
				VALIDATE_PRODUCT = YES;
			};
			name = Release;
		};
		06B33B5D1F725814003A559C /* Debug */ = {
			isa = XCBuildConfiguration;
			buildSettings = {
				ASSETCATALOG_COMPILER_APPICON_NAME = AppIcon;
				DEVELOPMENT_TEAM = 3YCJES5329;
				INFOPLIST_FILE = DFPlayerDemo/Info.plist;
				IPHONEOS_DEPLOYMENT_TARGET = 8.0;
				LD_RUNPATH_SEARCH_PATHS = "$(inherited) @executable_path/Frameworks";
				PRODUCT_BUNDLE_IDENTIFIER = HDF.DFPlayerDemos;
				PRODUCT_NAME = "$(TARGET_NAME)";
			};
			name = Debug;
		};
		06B33B5E1F725814003A559C /* Release */ = {
			isa = XCBuildConfiguration;
			buildSettings = {
				ASSETCATALOG_COMPILER_APPICON_NAME = AppIcon;
				DEVELOPMENT_TEAM = 3YCJES5329;
				INFOPLIST_FILE = DFPlayerDemo/Info.plist;
				IPHONEOS_DEPLOYMENT_TARGET = 8.0;
				LD_RUNPATH_SEARCH_PATHS = "$(inherited) @executable_path/Frameworks";
				PRODUCT_BUNDLE_IDENTIFIER = HDF.DFPlayerDemos;
				PRODUCT_NAME = "$(TARGET_NAME)";
			};
			name = Release;
		};
		06B33B601F725814003A559C /* Debug */ = {
			isa = XCBuildConfiguration;
			buildSettings = {
				BUNDLE_LOADER = "$(TEST_HOST)";
				INFOPLIST_FILE = DFPlayerDemoTests/Info.plist;
				LD_RUNPATH_SEARCH_PATHS = "$(inherited) @executable_path/Frameworks @loader_path/Frameworks";
				PRODUCT_BUNDLE_IDENTIFIER = HDF.DFPlayerDemoTests;
				PRODUCT_NAME = "$(TARGET_NAME)";
				TEST_HOST = "$(BUILT_PRODUCTS_DIR)/DFPlayerDemo.app/DFPlayerDemo";
			};
			name = Debug;
		};
		06B33B611F725814003A559C /* Release */ = {
			isa = XCBuildConfiguration;
			buildSettings = {
				BUNDLE_LOADER = "$(TEST_HOST)";
				INFOPLIST_FILE = DFPlayerDemoTests/Info.plist;
				LD_RUNPATH_SEARCH_PATHS = "$(inherited) @executable_path/Frameworks @loader_path/Frameworks";
				PRODUCT_BUNDLE_IDENTIFIER = HDF.DFPlayerDemoTests;
				PRODUCT_NAME = "$(TARGET_NAME)";
				TEST_HOST = "$(BUILT_PRODUCTS_DIR)/DFPlayerDemo.app/DFPlayerDemo";
			};
			name = Release;
		};
		06B33B631F725814003A559C /* Debug */ = {
			isa = XCBuildConfiguration;
			buildSettings = {
				INFOPLIST_FILE = DFPlayerDemoUITests/Info.plist;
				LD_RUNPATH_SEARCH_PATHS = "$(inherited) @executable_path/Frameworks @loader_path/Frameworks";
				PRODUCT_BUNDLE_IDENTIFIER = HDF.DFPlayerDemoUITests;
				PRODUCT_NAME = "$(TARGET_NAME)";
				TEST_TARGET_NAME = DFPlayerDemo;
			};
			name = Debug;
		};
		06B33B641F725814003A559C /* Release */ = {
			isa = XCBuildConfiguration;
			buildSettings = {
				INFOPLIST_FILE = DFPlayerDemoUITests/Info.plist;
				LD_RUNPATH_SEARCH_PATHS = "$(inherited) @executable_path/Frameworks @loader_path/Frameworks";
				PRODUCT_BUNDLE_IDENTIFIER = HDF.DFPlayerDemoUITests;
				PRODUCT_NAME = "$(TARGET_NAME)";
				TEST_TARGET_NAME = DFPlayerDemo;
			};
			name = Release;
		};
/* End XCBuildConfiguration section */

/* Begin XCConfigurationList section */
		06B33B2A1F725814003A559C /* Build configuration list for PBXProject "DFPlayerDemo" */ = {
			isa = XCConfigurationList;
			buildConfigurations = (
				06B33B5A1F725814003A559C /* Debug */,
				06B33B5B1F725814003A559C /* Release */,
			);
			defaultConfigurationIsVisible = 0;
			defaultConfigurationName = Debug;
		};
		06B33B5C1F725814003A559C /* Build configuration list for PBXNativeTarget "DFPlayerDemo" */ = {
			isa = XCConfigurationList;
			buildConfigurations = (
				06B33B5D1F725814003A559C /* Debug */,
				06B33B5E1F725814003A559C /* Release */,
			);
			defaultConfigurationIsVisible = 0;
			defaultConfigurationName = Debug;
		};
		06B33B5F1F725814003A559C /* Build configuration list for PBXNativeTarget "DFPlayerDemoTests" */ = {
			isa = XCConfigurationList;
			buildConfigurations = (
				06B33B601F725814003A559C /* Debug */,
				06B33B611F725814003A559C /* Release */,
			);
			defaultConfigurationIsVisible = 0;
			defaultConfigurationName = Debug;
		};
		06B33B621F725814003A559C /* Build configuration list for PBXNativeTarget "DFPlayerDemoUITests" */ = {
			isa = XCConfigurationList;
			buildConfigurations = (
				06B33B631F725814003A559C /* Debug */,
				06B33B641F725814003A559C /* Release */,
			);
			defaultConfigurationIsVisible = 0;
			defaultConfigurationName = Debug;
		};
/* End XCConfigurationList section */
	};
	rootObject = 06B33B271F725814003A559C /* Project object */;
}
